
Microsoft Visual Studio Solution File, Format Version 12.00
# Visual Studio Version 17
VisualStudioVersion = 17.0.31903.59
MinimumVisualStudioVersion = 10.0.40219.1
Project("{2150E333-8FDC-42A3-9474-1A3956D46DE8}") = "src", "src", "{0AF46503-DB3B-4090-9D0D-4CA13E9ECD37}"
EndProject
Project("{2150E333-8FDC-42A3-9474-1A3956D46DE8}") = "Platform", "Platform", "{233429C3-B14A-4C2A-B3EF-E65C8EEB8D95}"
EndProject
Project("{FAE04EC0-301F-11D3-BF4B-00C04F79EFBC}") = "Platform.Core", "src\Platform\Platform.Core\Platform.Core.csproj", "{C0671DCD-48FF-4BBB-BC9F-8C28FCD45F1B}"
EndProject
Project("{2150E333-8FDC-42A3-9474-1A3956D46DE8}") = "tests", "tests", "{B3843FFC-209B-45CE-B3FF-F9403E746B33}"
EndProject
Project("{2150E333-8FDC-42A3-9474-1A3956D46DE8}") = "UnitTests", "UnitTests", "{E42834AC-3E49-4525-9850-8995C362CF17}"
EndProject
Project("{FAE04EC0-301F-11D3-BF4B-00C04F79EFBC}") = "Platform.Core.Tests", "tests\UnitTests\Platform.Core.Tests\Platform.Core.Tests.csproj", "{D2B1463E-8F26-4933-A68C-ACFFC51C00BB}"
EndProject
Project("{FAE04EC0-301F-11D3-BF4B-00C04F79EFBC}") = "Platform.Security", "src\Platform\Platform.Security\Platform.Security.csproj", "{A5C25CE1-C7A5-40F5-897B-80BADE736D06}"
EndProject
Project("{FAE04EC0-301F-11D3-BF4B-00C04F79EFBC}") = "Platform.Security.Tests", "tests\UnitTests\Platform.Security.Tests\Platform.Security.Tests.csproj", "{236BC724-FE32-48B9-80D5-09C0986BFFE5}"
EndProject
Project("{FAE04EC0-301F-11D3-BF4B-00C04F79EFBC}") = "Platform.Localization", "src\Platform\Platform.Localization\Platform.Localization.csproj", "{E288D941-AEDF-4339-A37E-D16CCEE5387C}"
EndProject
Project("{FAE04EC0-301F-11D3-BF4B-00C04F79EFBC}") = "Platform.Localization.Tests", "tests\UnitTests\Platform.Localization.Tests\Platform.Localization.Tests.csproj", "{3D6092B7-E0FD-45CB-86F2-E037FFEA8C67}"
EndProject
Global
	GlobalSection(SolutionConfigurationPlatforms) = preSolution
		Debug|Any CPU = Debug|Any CPU
		Release|Any CPU = Release|Any CPU
	EndGlobalSection
	GlobalSection(SolutionProperties) = preSolution
		HideSolutionNode = FALSE
	EndGlobalSection
	GlobalSection(ProjectConfigurationPlatforms) = postSolution
		{C0671DCD-48FF-4BBB-BC9F-8C28FCD45F1B}.Debug|Any CPU.ActiveCfg = Debug|Any CPU
		{C0671DCD-48FF-4BBB-BC9F-8C28FCD45F1B}.Debug|Any CPU.Build.0 = Debug|Any CPU
		{C0671DCD-48FF-4BBB-BC9F-8C28FCD45F1B}.Release|Any CPU.ActiveCfg = Release|Any CPU
		{C0671DCD-48FF-4BBB-BC9F-8C28FCD45F1B}.Release|Any CPU.Build.0 = Release|Any CPU
		{D2B1463E-8F26-4933-A68C-ACFFC51C00BB}.Debug|Any CPU.ActiveCfg = Debug|Any CPU
		{D2B1463E-8F26-4933-A68C-ACFFC51C00BB}.Debug|Any CPU.Build.0 = Debug|Any CPU
		{D2B1463E-8F26-4933-A68C-ACFFC51C00BB}.Release|Any CPU.ActiveCfg = Release|Any CPU
		{D2B1463E-8F26-4933-A68C-ACFFC51C00BB}.Release|Any CPU.Build.0 = Release|Any CPU
		{A5C25CE1-C7A5-40F5-897B-80BADE736D06}.Debug|Any CPU.ActiveCfg = Debug|Any CPU
		{A5C25CE1-C7A5-40F5-897B-80BADE736D06}.Debug|Any CPU.Build.0 = Debug|Any CPU
		{A5C25CE1-C7A5-40F5-897B-80BADE736D06}.Release|Any CPU.ActiveCfg = Release|Any CPU
		{A5C25CE1-C7A5-40F5-897B-80BADE736D06}.Release|Any CPU.Build.0 = Release|Any CPU
		{236BC724-FE32-48B9-80D5-09C0986BFFE5}.Debug|Any CPU.ActiveCfg = Debug|Any CPU
		{236BC724-FE32-48B9-80D5-09C0986BFFE5}.Debug|Any CPU.Build.0 = Debug|Any CPU
		{236BC724-FE32-48B9-80D5-09C0986BFFE5}.Release|Any CPU.ActiveCfg = Release|Any CPU
		{236BC724-FE32-48B9-80D5-09C0986BFFE5}.Release|Any CPU.Build.0 = Release|Any CPU
		{E288D941-AEDF-4339-A37E-D16CCEE5387C}.Debug|Any CPU.ActiveCfg = Debug|Any CPU
		{E288D941-AEDF-4339-A37E-D16CCEE5387C}.Debug|Any CPU.Build.0 = Debug|Any CPU
		{E288D941-AEDF-4339-A37E-D16CCEE5387C}.Release|Any CPU.ActiveCfg = Release|Any CPU
		{E288D941-AEDF-4339-A37E-D16CCEE5387C}.Release|Any CPU.Build.0 = Release|Any CPU
		{3D6092B7-E0FD-45CB-86F2-E037FFEA8C67}.Debug|Any CPU.ActiveCfg = Debug|Any CPU
		{3D6092B7-E0FD-45CB-86F2-E037FFEA8C67}.Debug|Any CPU.Build.0 = Debug|Any CPU
		{3D6092B7-E0FD-45CB-86F2-E037FFEA8C67}.Release|Any CPU.ActiveCfg = Release|Any CPU
		{3D6092B7-E0FD-45CB-86F2-E037FFEA8C67}.Release|Any CPU.Build.0 = Release|Any CPU
	EndGlobalSection
	GlobalSection(NestedProjects) = preSolution
		{233429C3-B14A-4C2A-B3EF-E65C8EEB8D95} = {0AF46503-DB3B-4090-9D0D-4CA13E9ECD37}
		{C0671DCD-48FF-4BBB-BC9F-8C28FCD45F1B} = {233429C3-B14A-4C2A-B3EF-E65C8EEB8D95}
		{E42834AC-3E49-4525-9850-8995C362CF17} = {B3843FFC-209B-45CE-B3FF-F9403E746B33}
		{D2B1463E-8F26-4933-A68C-ACFFC51C00BB} = {E42834AC-3E49-4525-9850-8995C362CF17}
		{A5C25CE1-C7A5-40F5-897B-80BADE736D06} = {233429C3-B14A-4C2A-B3EF-E65C8EEB8D95}
		{236BC724-FE32-48B9-80D5-09C0986BFFE5} = {E42834AC-3E49-4525-9850-8995C362CF17}
		{E288D941-AEDF-4339-A37E-D16CCEE5387C} = {233429C3-B14A-4C2A-B3EF-E65C8EEB8D95}
		{3D6092B7-E0FD-45CB-86F2-E037FFEA8C67} = {E42834AC-3E49-4525-9850-8995C362CF17}
	EndGlobalSection
EndGlobal
