
Microsoft Visual Studio Solution File, Format Version 12.00
# Visual Studio Version 17
VisualStudioVersion = 17.0.31903.59
MinimumVisualStudioVersion = 10.0.40219.1
Project("{2150E333-8FDC-42A3-9474-1A3956D46DE8}") = "src", "src", "{0AF46503-DB3B-4090-9D0D-4CA13E9ECD37}"
EndProject
Project("{2150E333-8FDC-42A3-9474-1A3956D46DE8}") = "Platform", "Platform", "{233429C3-B14A-4C2A-B3EF-E65C8EEB8D95}"
EndProject
Project("{FAE04EC0-301F-11D3-BF4B-00C04F79EFBC}") = "Platform.Core", "src\Platform\Platform.Core\Platform.Core.csproj", "{C0671DCD-48FF-4BBB-BC9F-8C28FCD45F1B}"
EndProject
Project("{2150E333-8FDC-42A3-9474-1A3956D46DE8}") = "tests", "tests", "{B3843FFC-209B-45CE-B3FF-F9403E746B33}"
EndProject
Project("{2150E333-8FDC-42A3-9474-1A3956D46DE8}") = "UnitTests", "UnitTests", "{E42834AC-3E49-4525-9850-8995C362CF17}"
EndProject
Project("{FAE04EC0-301F-11D3-BF4B-00C04F79EFBC}") = "Platform.Core.Tests", "tests\UnitTests\Platform.Core.Tests\Platform.Core.Tests.csproj", "{D2B1463E-8F26-4933-A68C-ACFFC51C00BB}"
EndProject
Project("{FAE04EC0-301F-11D3-BF4B-00C04F79EFBC}") = "Platform.Security", "src\Platform\Platform.Security\Platform.Security.csproj", "{A5C25CE1-C7A5-40F5-897B-80BADE736D06}"
EndProject
Project("{FAE04EC0-301F-11D3-BF4B-00C04F79EFBC}") = "Platform.Security.Tests", "tests\UnitTests\Platform.Security.Tests\Platform.Security.Tests.csproj", "{236BC724-FE32-48B9-80D5-09C0986BFFE5}"
EndProject
Project("{FAE04EC0-301F-11D3-BF4B-00C04F79EFBC}") = "Platform.Localization", "src\Platform\Platform.Localization\Platform.Localization.csproj", "{E288D941-AEDF-4339-A37E-D16CCEE5387C}"
EndProject
Project("{FAE04EC0-301F-11D3-BF4B-00C04F79EFBC}") = "Platform.Localization.Tests", "tests\UnitTests\Platform.Localization.Tests\Platform.Localization.Tests.csproj", "{3D6092B7-E0FD-45CB-86F2-E037FFEA8C67}"
EndProject
Project("{2150E333-8FDC-42A3-9474-1A3956D46DE8}") = "ArchitectureTests", "ArchitectureTests", "{60D4CB56-6849-41EA-83D9-7C41EDE8F719}"
EndProject
Project("{FAE04EC0-301F-11D3-BF4B-00C04F79EFBC}") = "Platform.ArchitectureTests", "tests\ArchitectureTests\Platform.ArchitectureTests\Platform.ArchitectureTests.csproj", "{0E97D33E-CCCE-4146-A813-1CD4713C8D02}"
EndProject
Project("{2150E333-8FDC-42A3-9474-1A3956D46DE8}") = "Gateway", "Gateway", "{795B2A7D-06D0-414F-869E-7C6E465D462D}"
EndProject
Project("{FAE04EC0-301F-11D3-BF4B-00C04F79EFBC}") = "Gateway.Api", "src\Gateway\Gateway.Api\Gateway.Api.csproj", "{723FB7AD-6AEB-430F-A647-EB0E151D3D74}"
EndProject
Project("{FAE04EC0-301F-11D3-BF4B-00C04F79EFBC}") = "Platform.Workflow", "src\Platform\Platform.Workflow\Platform.Workflow.csproj", "{D95532C9-9080-4E08-A5CE-1C8D2DCD95B0}"
EndProject
Project("{FAE04EC0-301F-11D3-BF4B-00C04F79EFBC}") = "Platform.Workflow.Tests", "tests\UnitTests\Platform.Workflow.Tests\Platform.Workflow.Tests.csproj", "{4A7DCD5E-E225-4D20-96AB-443EB22D8CBC}"
EndProject
Project("{FAE04EC0-301F-11D3-BF4B-00C04F79EFBC}") = "Platform.Events", "src\Platform\Platform.Events\Platform.Events.csproj", "{5CB8A87F-73CC-4017-9FD7-8714C7CADDF9}"
EndProject
Project("{FAE04EC0-301F-11D3-BF4B-00C04F79EFBC}") = "Platform.Events.Tests", "tests\UnitTests\Platform.Events.Tests\Platform.Events.Tests.csproj", "{5DA8F7B8-6601-4D96-B1DA-E00A60C4E377}"
EndProject
Project("{FAE04EC0-301F-11D3-BF4B-00C04F79EFBC}") = "Platform.Audit", "src\Platform\Platform.Audit\Platform.Audit.csproj", "{F662CB46-8DE7-4FA4-922E-9648215A1367}"
EndProject
Project("{FAE04EC0-301F-11D3-BF4B-00C04F79EFBC}") = "Platform.Audit.Tests", "tests\UnitTests\Platform.Audit.Tests\Platform.Audit.Tests.csproj", "{E9108893-25A7-4AA8-81C2-264F93E180DD}"
EndProject
Project("{FAE04EC0-301F-11D3-BF4B-00C04F79EFBC}") = "Platform.Api", "src\Platform\Platform.Api\Platform.Api.csproj", "{6030174F-703C-420B-AABA-EF23E1B5B264}"
EndProject
Project("{FAE04EC0-301F-11D3-BF4B-00C04F79EFBC}") = "Platform.Api.Tests", "tests\UnitTests\Platform.Api.Tests\Platform.Api.Tests.csproj", "{DC396EC8-A70B-4B98-99DA-03339B5B2A4E}"
EndProject
Project("{FAE04EC0-301F-11D3-BF4B-00C04F79EFBC}") = "Platform.Configuration", "src\Platform\Platform.Configuration\Platform.Configuration.csproj", "{A89C236C-7A3B-4E58-B811-3F0B38FA96FD}"
EndProject
Project("{FAE04EC0-301F-11D3-BF4B-00C04F79EFBC}") = "Platform.Configuration.Tests", "tests\UnitTests\Platform.Configuration.Tests\Platform.Configuration.Tests.csproj", "{C500C017-3BDA-4F5A-8237-268B03D4C552}"
EndProject
Project("{2150E333-8FDC-42A3-9474-1A3956D46DE8}") = "Modules", "Modules", "{9BE930DC-E61D-45CF-8506-BC9D59E5793E}"
EndProject
Project("{2150E333-8FDC-42A3-9474-1A3956D46DE8}") = "Modules.MasterData", "Modules.MasterData", "{DCE93E2A-C3DB-42F6-BE0F-24BA3F6C648D}"
EndProject
Project("{FAE04EC0-301F-11D3-BF4B-00C04F79EFBC}") = "Modules.MasterData.Domain", "src\Modules\Modules.MasterData\Domain\Modules.MasterData.Domain.csproj", "{ECF17E11-E794-4989-8D15-287A66680D30}"
EndProject
Project("{FAE04EC0-301F-11D3-BF4B-00C04F79EFBC}") = "Modules.MasterData.Application", "src\Modules\Modules.MasterData\Application\Modules.MasterData.Application.csproj", "{2EC8DDB2-C7F0-4262-BC6D-5038A13C2340}"
EndProject
Project("{FAE04EC0-301F-11D3-BF4B-00C04F79EFBC}") = "Modules.MasterData.Infrastructure", "src\Modules\Modules.MasterData\Infrastructure\Modules.MasterData.Infrastructure.csproj", "{184C348B-D0B9-4033-8ACA-113E515379AB}"
EndProject
Project("{FAE04EC0-301F-11D3-BF4B-00C04F79EFBC}") = "Modules.MasterData.Api", "src\Modules\Modules.MasterData\Api\Modules.MasterData.Api.csproj", "{EA576EA8-C92A-4F56-9B97-3A84A0F613FF}"
EndProject
Project("{FAE04EC0-301F-11D3-BF4B-00C04F79EFBC}") = "Modules.MasterData.Tests", "tests\UnitTests\Modules.MasterData.Tests\Modules.MasterData.Tests.csproj", "{D1EC4E10-EA19-419A-BB21-93B3C1269565}"
EndProject
Project("{2150E333-8FDC-42A3-9474-1A3956D46DE8}") = "IntegrationTests", "IntegrationTests", "{2EFDDE05-5390-4BB4-9B47-FDA22F889FD6}"
EndProject
Project("{FAE04EC0-301F-11D3-BF4B-00C04F79EFBC}") = "Modules.MasterData.IntegrationTests", "tests\IntegrationTests\Modules.MasterData.IntegrationTests\Modules.MasterData.IntegrationTests.csproj", "{282C9A5B-229C-424E-8EC2-4252121F7CCC}"
EndProject
Project("{FAE04EC0-301F-11D3-BF4B-00C04F79EFBC}") = "Platform.Attachments", "src\Platform\Platform.Attachments\Platform.Attachments.csproj", "{E4A7CF5F-FE4E-4EBC-9D2C-DF92E49408A7}"
EndProject
Project("{FAE04EC0-301F-11D3-BF4B-00C04F79EFBC}") = "Platform.Attachments.Tests", "tests\UnitTests\Platform.Attachments.Tests\Platform.Attachments.Tests.csproj", "{C9191879-CCF1-46BA-B44A-441ED1F953C4}"
EndProject
Project("{FAE04EC0-301F-11D3-BF4B-00C04F79EFBC}") = "Platform.Notes", "src\Platform\Platform.Notes\Platform.Notes.csproj", "{3BCA00E9-69E5-4080-AAF4-04E50E65677E}"
EndProject
Project("{FAE04EC0-301F-11D3-BF4B-00C04F79EFBC}") = "Platform.Notes.Tests", "tests\UnitTests\Platform.Notes.Tests\Platform.Notes.Tests.csproj", "{DB048F8F-E8F1-47A4-8C44-E6F4C04DDA75}"
EndProject
Project("{FAE04EC0-301F-11D3-BF4B-00C04F79EFBC}") = "Modules.MasterData.Contracts", "src\Modules\Modules.MasterData\Contracts\Modules.MasterData.Contracts.csproj", "{BB6356B2-9BA6-4E31-808F-9844897015ED}"
EndProject
Project("{2150E333-8FDC-42A3-9474-1A3956D46DE8}") = "Modules.Finance", "Modules.Finance", "{96028F74-53A8-48E3-BAA9-DF5499F36B2F}"
EndProject
Project("{FAE04EC0-301F-11D3-BF4B-00C04F79EFBC}") = "Modules.Finance.Domain", "src\Modules\Modules.Finance\Domain\Modules.Finance.Domain.csproj", "{CA33215E-2E54-4983-8E62-188A32340DA6}"
EndProject
Project("{FAE04EC0-301F-11D3-BF4B-00C04F79EFBC}") = "Modules.Finance.Application", "src\Modules\Modules.Finance\Application\Modules.Finance.Application.csproj", "{D0DFBC9A-1808-4F92-8A20-5C1BD931F4AB}"
EndProject
Project("{FAE04EC0-301F-11D3-BF4B-00C04F79EFBC}") = "Modules.Finance.Infrastructure", "src\Modules\Modules.Finance\Infrastructure\Modules.Finance.Infrastructure.csproj", "{0D6B1776-FCEB-4F7F-9503-4CAE3F2D2570}"
EndProject
Project("{FAE04EC0-301F-11D3-BF4B-00C04F79EFBC}") = "Modules.Finance.Api", "src\Modules\Modules.Finance\Api\Modules.Finance.Api.csproj", "{54A4B1E1-65DE-4CBE-B624-B0AAF58729B9}"
EndProject
Project("{FAE04EC0-301F-11D3-BF4B-00C04F79EFBC}") = "Modules.Finance.Tests", "tests\UnitTests\Modules.Finance.Tests\Modules.Finance.Tests.csproj", "{44AE6A51-0491-4319-9566-25E654C04C82}"
EndProject
Project("{FAE04EC0-301F-11D3-BF4B-00C04F79EFBC}") = "Modules.Finance.IntegrationTests", "tests\IntegrationTests\Modules.Finance.IntegrationTests\Modules.Finance.IntegrationTests.csproj", "{5DC485E5-1346-49F8-8674-71D7C8836C59}"
EndProject
Project("{2150E333-8FDC-42A3-9474-1A3956D46DE8}") = "Modules.Procurement", "Modules.Procurement", "{F9AD1459-1AAB-40F3-88BC-88A24955B2DE}"
EndProject
Project("{FAE04EC0-301F-11D3-BF4B-00C04F79EFBC}") = "Modules.Procurement.Domain", "src\Modules\Modules.Procurement\Domain\Modules.Procurement.Domain.csproj", "{EDB3C136-D2CA-42CA-8BBA-CD792414FE56}"
EndProject
Project("{FAE04EC0-301F-11D3-BF4B-00C04F79EFBC}") = "Modules.Procurement.Application", "src\Modules\Modules.Procurement\Application\Modules.Procurement.Application.csproj", "{FED153EC-5E83-4206-8CFC-A6B0FA6D6EAC}"
EndProject
Project("{FAE04EC0-301F-11D3-BF4B-00C04F79EFBC}") = "Modules.Procurement.Infrastructure", "src\Modules\Modules.Procurement\Infrastructure\Modules.Procurement.Infrastructure.csproj", "{C9BFC224-DC04-4141-9D25-56D0E303A44C}"
EndProject
Project("{FAE04EC0-301F-11D3-BF4B-00C04F79EFBC}") = "Modules.Procurement.Api", "src\Modules\Modules.Procurement\Api\Modules.Procurement.Api.csproj", "{53CB2275-E8D9-4687-8B99-D275D3D4103B}"
EndProject
Project("{FAE04EC0-301F-11D3-BF4B-00C04F79EFBC}") = "Modules.Procurement.Tests", "tests\UnitTests\Modules.Procurement.Tests\Modules.Procurement.Tests.csproj", "{0E2C0460-0040-4FAC-AB3F-25487309A904}"
EndProject
Project("{FAE04EC0-301F-11D3-BF4B-00C04F79EFBC}") = "Modules.Procurement.IntegrationTests", "tests\IntegrationTests\Modules.Procurement.IntegrationTests\Modules.Procurement.IntegrationTests.csproj", "{C009B478-EADC-494A-9281-EB7FE4D834E2}"
EndProject
Project("{2150E333-8FDC-42A3-9474-1A3956D46DE8}") = "Modules.Finance", "Modules.Finance", "{2DC1933D-8102-4980-9A1B-0F4E9FC9E12D}"
EndProject
Project("{FAE04EC0-301F-11D3-BF4B-00C04F79EFBC}") = "Modules.Finance.Contracts", "src\Modules\Modules.Finance\Contracts\Modules.Finance.Contracts.csproj", "{BB162B6D-2DD1-44B6-B17F-8E1873BA138D}"
EndProject
Project("{2150E333-8FDC-42A3-9474-1A3956D46DE8}") = "Modules.ProjectManagement", "Modules.ProjectManagement", "{072F3E69-575E-4BF5-A712-06A4F62E9375}"
EndProject
Project("{FAE04EC0-301F-11D3-BF4B-00C04F79EFBC}") = "Modules.ProjectManagement.Domain", "src\Modules\Modules.ProjectManagement\Domain\Modules.ProjectManagement.Domain.csproj", "{89F2390C-CE1C-42F6-9C51-E8843BCB32CD}"
EndProject
Project("{FAE04EC0-301F-11D3-BF4B-00C04F79EFBC}") = "Modules.ProjectManagement.Application", "src\Modules\Modules.ProjectManagement\Application\Modules.ProjectManagement.Application.csproj", "{71367564-CE63-42F1-BAD3-C6437F7B8C8A}"
EndProject
Project("{FAE04EC0-301F-11D3-BF4B-00C04F79EFBC}") = "Modules.ProjectManagement.Infrastructure", "src\Modules\Modules.ProjectManagement\Infrastructure\Modules.ProjectManagement.Infrastructure.csproj", "{84ED80E5-EB63-4DC2-AB43-CBA4908F6A05}"
EndProject
Project("{FAE04EC0-301F-11D3-BF4B-00C04F79EFBC}") = "Modules.ProjectManagement.Api", "src\Modules\Modules.ProjectManagement\Api\Modules.ProjectManagement.Api.csproj", "{A100B55E-A321-4FF9-8C11-3DA1E988EA6E}"
EndProject
Project("{2150E333-8FDC-42A3-9474-1A3956D46DE8}") = "UnitTests", "UnitTests", "{5DFFE7F2-A636-4084-AEB4-C44D2EDE69EF}"
EndProject
Project("{FAE04EC0-301F-11D3-BF4B-00C04F79EFBC}") = "Modules.ProjectManagement.Tests", "tests\UnitTests\Modules.ProjectManagement.Tests\Modules.ProjectManagement.Tests.csproj", "{66CB4CB8-27D0-44D6-9D9E-2C06BC3C0F3A}"
EndProject
Project("{2150E333-8FDC-42A3-9474-1A3956D46DE8}") = "IntegrationTests", "IntegrationTests", "{37A082A0-988E-4632-BD0C-F3FB44234E3C}"
EndProject
Project("{FAE04EC0-301F-11D3-BF4B-00C04F79EFBC}") = "Modules.ProjectManagement.IntegrationTests", "tests\IntegrationTests\Modules.ProjectManagement.IntegrationTests\Modules.ProjectManagement.IntegrationTests.csproj", "{FD4EFDE3-653C-4227-B82A-685E2DE5338A}"
EndProject
Project("{2150E333-8FDC-42A3-9474-1A3956D46DE8}") = "Modules.Identity", "Modules.Identity", "{77FA8D77-91A4-44C5-B2DA-E95D5D546483}"
EndProject
Project("{FAE04EC0-301F-11D3-BF4B-00C04F79EFBC}") = "Modules.Identity.Domain", "src\Modules\Modules.Identity\Domain\Modules.Identity.Domain.csproj", "{329D03AD-9CCD-486C-AB68-21DDDFE3F4EF}"
EndProject
Project("{FAE04EC0-301F-11D3-BF4B-00C04F79EFBC}") = "Modules.Identity.Application", "src\Modules\Modules.Identity\Application\Modules.Identity.Application.csproj", "{C18BA449-D144-4677-8A20-9C895BCF6066}"
EndProject
Project("{FAE04EC0-301F-11D3-BF4B-00C04F79EFBC}") = "Modules.Identity.Infrastructure", "src\Modules\Modules.Identity\Infrastructure\Modules.Identity.Infrastructure.csproj", "{C3EC2456-E062-4D67-9D90-D7275BDDEA95}"
EndProject
Project("{FAE04EC0-301F-11D3-BF4B-00C04F79EFBC}") = "Modules.Identity.Api", "src\Modules\Modules.Identity\Api\Modules.Identity.Api.csproj", "{68E5C6FC-D63B-4B8E-A858-C351AE4239BA}"
EndProject
Project("{FAE04EC0-301F-11D3-BF4B-00C04F79EFBC}") = "Modules.Identity.Tests", "tests\UnitTests\Modules.Identity.Tests\Modules.Identity.Tests.csproj", "{158B58BC-DE37-4779-BAB3-30A3AFFFC112}"
EndProject
Project("{FAE04EC0-301F-11D3-BF4B-00C04F79EFBC}") = "Modules.Identity.IntegrationTests", "tests\IntegrationTests\Modules.Identity.IntegrationTests\Modules.Identity.IntegrationTests.csproj", "{0EBF6B0D-016E-426B-8CBE-E245791FB3B8}"
EndProject
Project("{2150E333-8FDC-42A3-9474-1A3956D46DE8}") = "Modules.ProjectManagement", "Modules.ProjectManagement", "{A6A25841-FE2B-412D-B505-3DB4FA247980}"
EndProject
Project("{FAE04EC0-301F-11D3-BF4B-00C04F79EFBC}") = "Modules.ProjectManagement.Contracts", "src\Modules\Modules.ProjectManagement\Contracts\Modules.ProjectManagement.Contracts.csproj", "{A2D212FF-4166-4DF1-885F-28E800801F66}"
EndProject
Project("{2150E333-8FDC-42A3-9474-1A3956D46DE8}") = "Modules.Construction", "Modules.Construction", "{C3A6A757-F9E4-4D8E-8B1C-D9768C0A1C21}"
EndProject
Project("{FAE04EC0-301F-11D3-BF4B-00C04F79EFBC}") = "Modules.Construction.Domain", "src\Modules\Modules.Construction\Domain\Modules.Construction.Domain.csproj", "{C3247722-8191-4451-8E49-02122412DB9D}"
EndProject
Project("{FAE04EC0-301F-11D3-BF4B-00C04F79EFBC}") = "Modules.Construction.Application", "src\Modules\Modules.Construction\Application\Modules.Construction.Application.csproj", "{7FBF59BB-08CD-4227-A163-60066D988CC8}"
EndProject
Project("{FAE04EC0-301F-11D3-BF4B-00C04F79EFBC}") = "Modules.Construction.Infrastructure", "src\Modules\Modules.Construction\Infrastructure\Modules.Construction.Infrastructure.csproj", "{2B14F38E-8961-4001-8572-096434D38404}"
EndProject
Project("{FAE04EC0-301F-11D3-BF4B-00C04F79EFBC}") = "Modules.Construction.Api", "src\Modules\Modules.Construction\Api\Modules.Construction.Api.csproj", "{23E1F568-AE76-4A8B-8977-7F3ED9FEE222}"
EndProject
Project("{FAE04EC0-301F-11D3-BF4B-00C04F79EFBC}") = "Modules.Construction.Tests", "tests\UnitTests\Modules.Construction.Tests\Modules.Construction.Tests.csproj", "{0C803421-02A9-4E7A-AE87-46D5A46BAF91}"
EndProject
Project("{FAE04EC0-301F-11D3-BF4B-00C04F79EFBC}") = "Modules.Construction.IntegrationTests", "tests\IntegrationTests\Modules.Construction.IntegrationTests\Modules.Construction.IntegrationTests.csproj", "{6A15833F-886D-4AF0-9EBE-B615734347D2}"
EndProject
Project("{FAE04EC0-301F-11D3-BF4B-00C04F79EFBC}") = "Modules.Identity.Contracts", "src\Modules\Modules.Identity\Contracts\Modules.Identity.Contracts.csproj", "{C60B75C9-EAE0-4EA1-B436-58E59F99B3C3}"
EndProject
Global
	GlobalSection(SolutionConfigurationPlatforms) = preSolution
		Debug|Any CPU = Debug|Any CPU
		Release|Any CPU = Release|Any CPU
	EndGlobalSection
	GlobalSection(SolutionProperties) = preSolution
		HideSolutionNode = FALSE
	EndGlobalSection
	GlobalSection(ProjectConfigurationPlatforms) = postSolution
		{C0671DCD-48FF-4BBB-BC9F-8C28FCD45F1B}.Debug|Any CPU.ActiveCfg = Debug|Any CPU
		{C0671DCD-48FF-4BBB-BC9F-8C28FCD45F1B}.Debug|Any CPU.Build.0 = Debug|Any CPU
		{C0671DCD-48FF-4BBB-BC9F-8C28FCD45F1B}.Release|Any CPU.ActiveCfg = Release|Any CPU
		{C0671DCD-48FF-4BBB-BC9F-8C28FCD45F1B}.Release|Any CPU.Build.0 = Release|Any CPU
		{D2B1463E-8F26-4933-A68C-ACFFC51C00BB}.Debug|Any CPU.ActiveCfg = Debug|Any CPU
		{D2B1463E-8F26-4933-A68C-ACFFC51C00BB}.Debug|Any CPU.Build.0 = Debug|Any CPU
		{D2B1463E-8F26-4933-A68C-ACFFC51C00BB}.Release|Any CPU.ActiveCfg = Release|Any CPU
		{D2B1463E-8F26-4933-A68C-ACFFC51C00BB}.Release|Any CPU.Build.0 = Release|Any CPU
		{A5C25CE1-C7A5-40F5-897B-80BADE736D06}.Debug|Any CPU.ActiveCfg = Debug|Any CPU
		{A5C25CE1-C7A5-40F5-897B-80BADE736D06}.Debug|Any CPU.Build.0 = Debug|Any CPU
		{A5C25CE1-C7A5-40F5-897B-80BADE736D06}.Release|Any CPU.ActiveCfg = Release|Any CPU
		{A5C25CE1-C7A5-40F5-897B-80BADE736D06}.Release|Any CPU.Build.0 = Release|Any CPU
		{236BC724-FE32-48B9-80D5-09C0986BFFE5}.Debug|Any CPU.ActiveCfg = Debug|Any CPU
		{236BC724-FE32-48B9-80D5-09C0986BFFE5}.Debug|Any CPU.Build.0 = Debug|Any CPU
		{236BC724-FE32-48B9-80D5-09C0986BFFE5}.Release|Any CPU.ActiveCfg = Release|Any CPU
		{236BC724-FE32-48B9-80D5-09C0986BFFE5}.Release|Any CPU.Build.0 = Release|Any CPU
		{E288D941-AEDF-4339-A37E-D16CCEE5387C}.Debug|Any CPU.ActiveCfg = Debug|Any CPU
		{E288D941-AEDF-4339-A37E-D16CCEE5387C}.Debug|Any CPU.Build.0 = Debug|Any CPU
		{E288D941-AEDF-4339-A37E-D16CCEE5387C}.Release|Any CPU.ActiveCfg = Release|Any CPU
		{E288D941-AEDF-4339-A37E-D16CCEE5387C}.Release|Any CPU.Build.0 = Release|Any CPU
		{3D6092B7-E0FD-45CB-86F2-E037FFEA8C67}.Debug|Any CPU.ActiveCfg = Debug|Any CPU
		{3D6092B7-E0FD-45CB-86F2-E037FFEA8C67}.Debug|Any CPU.Build.0 = Debug|Any CPU
		{3D6092B7-E0FD-45CB-86F2-E037FFEA8C67}.Release|Any CPU.ActiveCfg = Release|Any CPU
		{3D6092B7-E0FD-45CB-86F2-E037FFEA8C67}.Release|Any CPU.Build.0 = Release|Any CPU
		{0E97D33E-CCCE-4146-A813-1CD4713C8D02}.Debug|Any CPU.ActiveCfg = Debug|Any CPU
		{0E97D33E-CCCE-4146-A813-1CD4713C8D02}.Debug|Any CPU.Build.0 = Debug|Any CPU
		{0E97D33E-CCCE-4146-A813-1CD4713C8D02}.Release|Any CPU.ActiveCfg = Release|Any CPU
		{0E97D33E-CCCE-4146-A813-1CD4713C8D02}.Release|Any CPU.Build.0 = Release|Any CPU
		{723FB7AD-6AEB-430F-A647-EB0E151D3D74}.Debug|Any CPU.ActiveCfg = Debug|Any CPU
		{723FB7AD-6AEB-430F-A647-EB0E151D3D74}.Debug|Any CPU.Build.0 = Debug|Any CPU
		{723FB7AD-6AEB-430F-A647-EB0E151D3D74}.Release|Any CPU.ActiveCfg = Release|Any CPU
		{723FB7AD-6AEB-430F-A647-EB0E151D3D74}.Release|Any CPU.Build.0 = Release|Any CPU
		{D95532C9-9080-4E08-A5CE-1C8D2DCD95B0}.Debug|Any CPU.ActiveCfg = Debug|Any CPU
		{D95532C9-9080-4E08-A5CE-1C8D2DCD95B0}.Debug|Any CPU.Build.0 = Debug|Any CPU
		{D95532C9-9080-4E08-A5CE-1C8D2DCD95B0}.Release|Any CPU.ActiveCfg = Release|Any CPU
		{D95532C9-9080-4E08-A5CE-1C8D2DCD95B0}.Release|Any CPU.Build.0 = Release|Any CPU
		{4A7DCD5E-E225-4D20-96AB-443EB22D8CBC}.Debug|Any CPU.ActiveCfg = Debug|Any CPU
		{4A7DCD5E-E225-4D20-96AB-443EB22D8CBC}.Debug|Any CPU.Build.0 = Debug|Any CPU
		{4A7DCD5E-E225-4D20-96AB-443EB22D8CBC}.Release|Any CPU.ActiveCfg = Release|Any CPU
		{4A7DCD5E-E225-4D20-96AB-443EB22D8CBC}.Release|Any CPU.Build.0 = Release|Any CPU
		{5CB8A87F-73CC-4017-9FD7-8714C7CADDF9}.Debug|Any CPU.ActiveCfg = Debug|Any CPU
		{5CB8A87F-73CC-4017-9FD7-8714C7CADDF9}.Debug|Any CPU.Build.0 = Debug|Any CPU
		{5CB8A87F-73CC-4017-9FD7-8714C7CADDF9}.Release|Any CPU.ActiveCfg = Release|Any CPU
		{5CB8A87F-73CC-4017-9FD7-8714C7CADDF9}.Release|Any CPU.Build.0 = Release|Any CPU
		{5DA8F7B8-6601-4D96-B1DA-E00A60C4E377}.Debug|Any CPU.ActiveCfg = Debug|Any CPU
		{5DA8F7B8-6601-4D96-B1DA-E00A60C4E377}.Debug|Any CPU.Build.0 = Debug|Any CPU
		{5DA8F7B8-6601-4D96-B1DA-E00A60C4E377}.Release|Any CPU.ActiveCfg = Release|Any CPU
		{5DA8F7B8-6601-4D96-B1DA-E00A60C4E377}.Release|Any CPU.Build.0 = Release|Any CPU
		{F662CB46-8DE7-4FA4-922E-9648215A1367}.Debug|Any CPU.ActiveCfg = Debug|Any CPU
		{F662CB46-8DE7-4FA4-922E-9648215A1367}.Debug|Any CPU.Build.0 = Debug|Any CPU
		{F662CB46-8DE7-4FA4-922E-9648215A1367}.Release|Any CPU.ActiveCfg = Release|Any CPU
		{F662CB46-8DE7-4FA4-922E-9648215A1367}.Release|Any CPU.Build.0 = Release|Any CPU
		{E9108893-25A7-4AA8-81C2-264F93E180DD}.Debug|Any CPU.ActiveCfg = Debug|Any CPU
		{E9108893-25A7-4AA8-81C2-264F93E180DD}.Debug|Any CPU.Build.0 = Debug|Any CPU
		{E9108893-25A7-4AA8-81C2-264F93E180DD}.Release|Any CPU.ActiveCfg = Release|Any CPU
		{E9108893-25A7-4AA8-81C2-264F93E180DD}.Release|Any CPU.Build.0 = Release|Any CPU
		{6030174F-703C-420B-AABA-EF23E1B5B264}.Debug|Any CPU.ActiveCfg = Debug|Any CPU
		{6030174F-703C-420B-AABA-EF23E1B5B264}.Debug|Any CPU.Build.0 = Debug|Any CPU
		{6030174F-703C-420B-AABA-EF23E1B5B264}.Release|Any CPU.ActiveCfg = Release|Any CPU
		{6030174F-703C-420B-AABA-EF23E1B5B264}.Release|Any CPU.Build.0 = Release|Any CPU
		{DC396EC8-A70B-4B98-99DA-03339B5B2A4E}.Debug|Any CPU.ActiveCfg = Debug|Any CPU
		{DC396EC8-A70B-4B98-99DA-03339B5B2A4E}.Debug|Any CPU.Build.0 = Debug|Any CPU
		{DC396EC8-A70B-4B98-99DA-03339B5B2A4E}.Release|Any CPU.ActiveCfg = Release|Any CPU
		{DC396EC8-A70B-4B98-99DA-03339B5B2A4E}.Release|Any CPU.Build.0 = Release|Any CPU
		{A89C236C-7A3B-4E58-B811-3F0B38FA96FD}.Debug|Any CPU.ActiveCfg = Debug|Any CPU
		{A89C236C-7A3B-4E58-B811-3F0B38FA96FD}.Debug|Any CPU.Build.0 = Debug|Any CPU
		{A89C236C-7A3B-4E58-B811-3F0B38FA96FD}.Release|Any CPU.ActiveCfg = Release|Any CPU
		{A89C236C-7A3B-4E58-B811-3F0B38FA96FD}.Release|Any CPU.Build.0 = Release|Any CPU
		{C500C017-3BDA-4F5A-8237-268B03D4C552}.Debug|Any CPU.ActiveCfg = Debug|Any CPU
		{C500C017-3BDA-4F5A-8237-268B03D4C552}.Debug|Any CPU.Build.0 = Debug|Any CPU
		{C500C017-3BDA-4F5A-8237-268B03D4C552}.Release|Any CPU.ActiveCfg = Release|Any CPU
		{C500C017-3BDA-4F5A-8237-268B03D4C552}.Release|Any CPU.Build.0 = Release|Any CPU
		{ECF17E11-E794-4989-8D15-287A66680D30}.Debug|Any CPU.ActiveCfg = Debug|Any CPU
		{ECF17E11-E794-4989-8D15-287A66680D30}.Debug|Any CPU.Build.0 = Debug|Any CPU
		{ECF17E11-E794-4989-8D15-287A66680D30}.Release|Any CPU.ActiveCfg = Release|Any CPU
		{ECF17E11-E794-4989-8D15-287A66680D30}.Release|Any CPU.Build.0 = Release|Any CPU
		{2EC8DDB2-C7F0-4262-BC6D-5038A13C2340}.Debug|Any CPU.ActiveCfg = Debug|Any CPU
		{2EC8DDB2-C7F0-4262-BC6D-5038A13C2340}.Debug|Any CPU.Build.0 = Debug|Any CPU
		{2EC8DDB2-C7F0-4262-BC6D-5038A13C2340}.Release|Any CPU.ActiveCfg = Release|Any CPU
		{2EC8DDB2-C7F0-4262-BC6D-5038A13C2340}.Release|Any CPU.Build.0 = Release|Any CPU
		{184C348B-D0B9-4033-8ACA-113E515379AB}.Debug|Any CPU.ActiveCfg = Debug|Any CPU
		{184C348B-D0B9-4033-8ACA-113E515379AB}.Debug|Any CPU.Build.0 = Debug|Any CPU
		{184C348B-D0B9-4033-8ACA-113E515379AB}.Release|Any CPU.ActiveCfg = Release|Any CPU
		{184C348B-D0B9-4033-8ACA-113E515379AB}.Release|Any CPU.Build.0 = Release|Any CPU
		{EA576EA8-C92A-4F56-9B97-3A84A0F613FF}.Debug|Any CPU.ActiveCfg = Debug|Any CPU
		{EA576EA8-C92A-4F56-9B97-3A84A0F613FF}.Debug|Any CPU.Build.0 = Debug|Any CPU
		{EA576EA8-C92A-4F56-9B97-3A84A0F613FF}.Release|Any CPU.ActiveCfg = Release|Any CPU
		{EA576EA8-C92A-4F56-9B97-3A84A0F613FF}.Release|Any CPU.Build.0 = Release|Any CPU
		{D1EC4E10-EA19-419A-BB21-93B3C1269565}.Debug|Any CPU.ActiveCfg = Debug|Any CPU
		{D1EC4E10-EA19-419A-BB21-93B3C1269565}.Debug|Any CPU.Build.0 = Debug|Any CPU
		{D1EC4E10-EA19-419A-BB21-93B3C1269565}.Release|Any CPU.ActiveCfg = Release|Any CPU
		{D1EC4E10-EA19-419A-BB21-93B3C1269565}.Release|Any CPU.Build.0 = Release|Any CPU
		{282C9A5B-229C-424E-8EC2-4252121F7CCC}.Debug|Any CPU.ActiveCfg = Debug|Any CPU
		{282C9A5B-229C-424E-8EC2-4252121F7CCC}.Debug|Any CPU.Build.0 = Debug|Any CPU
		{282C9A5B-229C-424E-8EC2-4252121F7CCC}.Release|Any CPU.ActiveCfg = Release|Any CPU
		{282C9A5B-229C-424E-8EC2-4252121F7CCC}.Release|Any CPU.Build.0 = Release|Any CPU
		{E4A7CF5F-FE4E-4EBC-9D2C-DF92E49408A7}.Debug|Any CPU.ActiveCfg = Debug|Any CPU
		{E4A7CF5F-FE4E-4EBC-9D2C-DF92E49408A7}.Debug|Any CPU.Build.0 = Debug|Any CPU
		{E4A7CF5F-FE4E-4EBC-9D2C-DF92E49408A7}.Release|Any CPU.ActiveCfg = Release|Any CPU
		{E4A7CF5F-FE4E-4EBC-9D2C-DF92E49408A7}.Release|Any CPU.Build.0 = Release|Any CPU
		{C9191879-CCF1-46BA-B44A-441ED1F953C4}.Debug|Any CPU.ActiveCfg = Debug|Any CPU
		{C9191879-CCF1-46BA-B44A-441ED1F953C4}.Debug|Any CPU.Build.0 = Debug|Any CPU
		{C9191879-CCF1-46BA-B44A-441ED1F953C4}.Release|Any CPU.ActiveCfg = Release|Any CPU
		{C9191879-CCF1-46BA-B44A-441ED1F953C4}.Release|Any CPU.Build.0 = Release|Any CPU
		{3BCA00E9-69E5-4080-AAF4-04E50E65677E}.Debug|Any CPU.ActiveCfg = Debug|Any CPU
		{3BCA00E9-69E5-4080-AAF4-04E50E65677E}.Debug|Any CPU.Build.0 = Debug|Any CPU
		{3BCA00E9-69E5-4080-AAF4-04E50E65677E}.Release|Any CPU.ActiveCfg = Release|Any CPU
		{3BCA00E9-69E5-4080-AAF4-04E50E65677E}.Release|Any CPU.Build.0 = Release|Any CPU
		{DB048F8F-E8F1-47A4-8C44-E6F4C04DDA75}.Debug|Any CPU.ActiveCfg = Debug|Any CPU
		{DB048F8F-E8F1-47A4-8C44-E6F4C04DDA75}.Debug|Any CPU.Build.0 = Debug|Any CPU
		{DB048F8F-E8F1-47A4-8C44-E6F4C04DDA75}.Release|Any CPU.ActiveCfg = Release|Any CPU
		{DB048F8F-E8F1-47A4-8C44-E6F4C04DDA75}.Release|Any CPU.Build.0 = Release|Any CPU
		{BB6356B2-9BA6-4E31-808F-9844897015ED}.Debug|Any CPU.ActiveCfg = Debug|Any CPU
		{BB6356B2-9BA6-4E31-808F-9844897015ED}.Debug|Any CPU.Build.0 = Debug|Any CPU
		{BB6356B2-9BA6-4E31-808F-9844897015ED}.Release|Any CPU.ActiveCfg = Release|Any CPU
		{BB6356B2-9BA6-4E31-808F-9844897015ED}.Release|Any CPU.Build.0 = Release|Any CPU
		{CA33215E-2E54-4983-8E62-188A32340DA6}.Debug|Any CPU.ActiveCfg = Debug|Any CPU
		{CA33215E-2E54-4983-8E62-188A32340DA6}.Debug|Any CPU.Build.0 = Debug|Any CPU
		{CA33215E-2E54-4983-8E62-188A32340DA6}.Release|Any CPU.ActiveCfg = Release|Any CPU
		{CA33215E-2E54-4983-8E62-188A32340DA6}.Release|Any CPU.Build.0 = Release|Any CPU
		{D0DFBC9A-1808-4F92-8A20-5C1BD931F4AB}.Debug|Any CPU.ActiveCfg = Debug|Any CPU
		{D0DFBC9A-1808-4F92-8A20-5C1BD931F4AB}.Debug|Any CPU.Build.0 = Debug|Any CPU
		{D0DFBC9A-1808-4F92-8A20-5C1BD931F4AB}.Release|Any CPU.ActiveCfg = Release|Any CPU
		{D0DFBC9A-1808-4F92-8A20-5C1BD931F4AB}.Release|Any CPU.Build.0 = Release|Any CPU
		{0D6B1776-FCEB-4F7F-9503-4CAE3F2D2570}.Debug|Any CPU.ActiveCfg = Debug|Any CPU
		{0D6B1776-FCEB-4F7F-9503-4CAE3F2D2570}.Debug|Any CPU.Build.0 = Debug|Any CPU
		{0D6B1776-FCEB-4F7F-9503-4CAE3F2D2570}.Release|Any CPU.ActiveCfg = Release|Any CPU
		{0D6B1776-FCEB-4F7F-9503-4CAE3F2D2570}.Release|Any CPU.Build.0 = Release|Any CPU
		{54A4B1E1-65DE-4CBE-B624-B0AAF58729B9}.Debug|Any CPU.ActiveCfg = Debug|Any CPU
		{54A4B1E1-65DE-4CBE-B624-B0AAF58729B9}.Debug|Any CPU.Build.0 = Debug|Any CPU
		{54A4B1E1-65DE-4CBE-B624-B0AAF58729B9}.Release|Any CPU.ActiveCfg = Release|Any CPU
		{54A4B1E1-65DE-4CBE-B624-B0AAF58729B9}.Release|Any CPU.Build.0 = Release|Any CPU
		{44AE6A51-0491-4319-9566-25E654C04C82}.Debug|Any CPU.ActiveCfg = Debug|Any CPU
		{44AE6A51-0491-4319-9566-25E654C04C82}.Debug|Any CPU.Build.0 = Debug|Any CPU
		{44AE6A51-0491-4319-9566-25E654C04C82}.Release|Any CPU.ActiveCfg = Release|Any CPU
		{44AE6A51-0491-4319-9566-25E654C04C82}.Release|Any CPU.Build.0 = Release|Any CPU
		{5DC485E5-1346-49F8-8674-71D7C8836C59}.Debug|Any CPU.ActiveCfg = Debug|Any CPU
		{5DC485E5-1346-49F8-8674-71D7C8836C59}.Debug|Any CPU.Build.0 = Debug|Any CPU
		{5DC485E5-1346-49F8-8674-71D7C8836C59}.Release|Any CPU.ActiveCfg = Release|Any CPU
		{5DC485E5-1346-49F8-8674-71D7C8836C59}.Release|Any CPU.Build.0 = Release|Any CPU
		{EDB3C136-D2CA-42CA-8BBA-CD792414FE56}.Debug|Any CPU.ActiveCfg = Debug|Any CPU
		{EDB3C136-D2CA-42CA-8BBA-CD792414FE56}.Debug|Any CPU.Build.0 = Debug|Any CPU
		{EDB3C136-D2CA-42CA-8BBA-CD792414FE56}.Release|Any CPU.ActiveCfg = Release|Any CPU
		{EDB3C136-D2CA-42CA-8BBA-CD792414FE56}.Release|Any CPU.Build.0 = Release|Any CPU
		{FED153EC-5E83-4206-8CFC-A6B0FA6D6EAC}.Debug|Any CPU.ActiveCfg = Debug|Any CPU
		{FED153EC-5E83-4206-8CFC-A6B0FA6D6EAC}.Debug|Any CPU.Build.0 = Debug|Any CPU
		{FED153EC-5E83-4206-8CFC-A6B0FA6D6EAC}.Release|Any CPU.ActiveCfg = Release|Any CPU
		{FED153EC-5E83-4206-8CFC-A6B0FA6D6EAC}.Release|Any CPU.Build.0 = Release|Any CPU
		{C9BFC224-DC04-4141-9D25-56D0E303A44C}.Debug|Any CPU.ActiveCfg = Debug|Any CPU
		{C9BFC224-DC04-4141-9D25-56D0E303A44C}.Debug|Any CPU.Build.0 = Debug|Any CPU
		{C9BFC224-DC04-4141-9D25-56D0E303A44C}.Release|Any CPU.ActiveCfg = Release|Any CPU
		{C9BFC224-DC04-4141-9D25-56D0E303A44C}.Release|Any CPU.Build.0 = Release|Any CPU
		{53CB2275-E8D9-4687-8B99-D275D3D4103B}.Debug|Any CPU.ActiveCfg = Debug|Any CPU
		{53CB2275-E8D9-4687-8B99-D275D3D4103B}.Debug|Any CPU.Build.0 = Debug|Any CPU
		{53CB2275-E8D9-4687-8B99-D275D3D4103B}.Release|Any CPU.ActiveCfg = Release|Any CPU
		{53CB2275-E8D9-4687-8B99-D275D3D4103B}.Release|Any CPU.Build.0 = Release|Any CPU
		{0E2C0460-0040-4FAC-AB3F-25487309A904}.Debug|Any CPU.ActiveCfg = Debug|Any CPU
		{0E2C0460-0040-4FAC-AB3F-25487309A904}.Debug|Any CPU.Build.0 = Debug|Any CPU
		{0E2C0460-0040-4FAC-AB3F-25487309A904}.Release|Any CPU.ActiveCfg = Release|Any CPU
		{0E2C0460-0040-4FAC-AB3F-25487309A904}.Release|Any CPU.Build.0 = Release|Any CPU
		{C009B478-EADC-494A-9281-EB7FE4D834E2}.Debug|Any CPU.ActiveCfg = Debug|Any CPU
		{C009B478-EADC-494A-9281-EB7FE4D834E2}.Debug|Any CPU.Build.0 = Debug|Any CPU
		{C009B478-EADC-494A-9281-EB7FE4D834E2}.Release|Any CPU.ActiveCfg = Release|Any CPU
		{C009B478-EADC-494A-9281-EB7FE4D834E2}.Release|Any CPU.Build.0 = Release|Any CPU
		{BB162B6D-2DD1-44B6-B17F-8E1873BA138D}.Debug|Any CPU.ActiveCfg = Debug|Any CPU
		{BB162B6D-2DD1-44B6-B17F-8E1873BA138D}.Debug|Any CPU.Build.0 = Debug|Any CPU
		{BB162B6D-2DD1-44B6-B17F-8E1873BA138D}.Release|Any CPU.ActiveCfg = Release|Any CPU
		{BB162B6D-2DD1-44B6-B17F-8E1873BA138D}.Release|Any CPU.Build.0 = Release|Any CPU
		{89F2390C-CE1C-42F6-9C51-E8843BCB32CD}.Debug|Any CPU.ActiveCfg = Debug|Any CPU
		{89F2390C-CE1C-42F6-9C51-E8843BCB32CD}.Debug|Any CPU.Build.0 = Debug|Any CPU
		{89F2390C-CE1C-42F6-9C51-E8843BCB32CD}.Release|Any CPU.ActiveCfg = Release|Any CPU
		{89F2390C-CE1C-42F6-9C51-E8843BCB32CD}.Release|Any CPU.Build.0 = Release|Any CPU
		{71367564-CE63-42F1-BAD3-C6437F7B8C8A}.Debug|Any CPU.ActiveCfg = Debug|Any CPU
		{71367564-CE63-42F1-BAD3-C6437F7B8C8A}.Debug|Any CPU.Build.0 = Debug|Any CPU
		{71367564-CE63-42F1-BAD3-C6437F7B8C8A}.Release|Any CPU.ActiveCfg = Release|Any CPU
		{71367564-CE63-42F1-BAD3-C6437F7B8C8A}.Release|Any CPU.Build.0 = Release|Any CPU
		{84ED80E5-EB63-4DC2-AB43-CBA4908F6A05}.Debug|Any CPU.ActiveCfg = Debug|Any CPU
		{84ED80E5-EB63-4DC2-AB43-CBA4908F6A05}.Debug|Any CPU.Build.0 = Debug|Any CPU
		{84ED80E5-EB63-4DC2-AB43-CBA4908F6A05}.Release|Any CPU.ActiveCfg = Release|Any CPU
		{84ED80E5-EB63-4DC2-AB43-CBA4908F6A05}.Release|Any CPU.Build.0 = Release|Any CPU
		{A100B55E-A321-4FF9-8C11-3DA1E988EA6E}.Debug|Any CPU.ActiveCfg = Debug|Any CPU
		{A100B55E-A321-4FF9-8C11-3DA1E988EA6E}.Debug|Any CPU.Build.0 = Debug|Any CPU
		{A100B55E-A321-4FF9-8C11-3DA1E988EA6E}.Release|Any CPU.ActiveCfg = Release|Any CPU
		{A100B55E-A321-4FF9-8C11-3DA1E988EA6E}.Release|Any CPU.Build.0 = Release|Any CPU
		{66CB4CB8-27D0-44D6-9D9E-2C06BC3C0F3A}.Debug|Any CPU.ActiveCfg = Debug|Any CPU
		{66CB4CB8-27D0-44D6-9D9E-2C06BC3C0F3A}.Debug|Any CPU.Build.0 = Debug|Any CPU
		{66CB4CB8-27D0-44D6-9D9E-2C06BC3C0F3A}.Release|Any CPU.ActiveCfg = Release|Any CPU
		{66CB4CB8-27D0-44D6-9D9E-2C06BC3C0F3A}.Release|Any CPU.Build.0 = Release|Any CPU
		{FD4EFDE3-653C-4227-B82A-685E2DE5338A}.Debug|Any CPU.ActiveCfg = Debug|Any CPU
		{FD4EFDE3-653C-4227-B82A-685E2DE5338A}.Debug|Any CPU.Build.0 = Debug|Any CPU
		{FD4EFDE3-653C-4227-B82A-685E2DE5338A}.Release|Any CPU.ActiveCfg = Release|Any CPU
		{FD4EFDE3-653C-4227-B82A-685E2DE5338A}.Release|Any CPU.Build.0 = Release|Any CPU
		{329D03AD-9CCD-486C-AB68-21DDDFE3F4EF}.Debug|Any CPU.ActiveCfg = Debug|Any CPU
		{329D03AD-9CCD-486C-AB68-21DDDFE3F4EF}.Debug|Any CPU.Build.0 = Debug|Any CPU
		{329D03AD-9CCD-486C-AB68-21DDDFE3F4EF}.Release|Any CPU.ActiveCfg = Release|Any CPU
		{329D03AD-9CCD-486C-AB68-21DDDFE3F4EF}.Release|Any CPU.Build.0 = Release|Any CPU
		{C18BA449-D144-4677-8A20-9C895BCF6066}.Debug|Any CPU.ActiveCfg = Debug|Any CPU
		{C18BA449-D144-4677-8A20-9C895BCF6066}.Debug|Any CPU.Build.0 = Debug|Any CPU
		{C18BA449-D144-4677-8A20-9C895BCF6066}.Release|Any CPU.ActiveCfg = Release|Any CPU
		{C18BA449-D144-4677-8A20-9C895BCF6066}.Release|Any CPU.Build.0 = Release|Any CPU
		{C3EC2456-E062-4D67-9D90-D7275BDDEA95}.Debug|Any CPU.ActiveCfg = Debug|Any CPU
		{C3EC2456-E062-4D67-9D90-D7275BDDEA95}.Debug|Any CPU.Build.0 = Debug|Any CPU
		{C3EC2456-E062-4D67-9D90-D7275BDDEA95}.Release|Any CPU.ActiveCfg = Release|Any CPU
		{C3EC2456-E062-4D67-9D90-D7275BDDEA95}.Release|Any CPU.Build.0 = Release|Any CPU
		{68E5C6FC-D63B-4B8E-A858-C351AE4239BA}.Debug|Any CPU.ActiveCfg = Debug|Any CPU
		{68E5C6FC-D63B-4B8E-A858-C351AE4239BA}.Debug|Any CPU.Build.0 = Debug|Any CPU
		{68E5C6FC-D63B-4B8E-A858-C351AE4239BA}.Release|Any CPU.ActiveCfg = Release|Any CPU
		{68E5C6FC-D63B-4B8E-A858-C351AE4239BA}.Release|Any CPU.Build.0 = Release|Any CPU
		{158B58BC-DE37-4779-BAB3-30A3AFFFC112}.Debug|Any CPU.ActiveCfg = Debug|Any CPU
		{158B58BC-DE37-4779-BAB3-30A3AFFFC112}.Debug|Any CPU.Build.0 = Debug|Any CPU
		{158B58BC-DE37-4779-BAB3-30A3AFFFC112}.Release|Any CPU.ActiveCfg = Release|Any CPU
		{158B58BC-DE37-4779-BAB3-30A3AFFFC112}.Release|Any CPU.Build.0 = Release|Any CPU
		{0EBF6B0D-016E-426B-8CBE-E245791FB3B8}.Debug|Any CPU.ActiveCfg = Debug|Any CPU
		{0EBF6B0D-016E-426B-8CBE-E245791FB3B8}.Debug|Any CPU.Build.0 = Debug|Any CPU
		{0EBF6B0D-016E-426B-8CBE-E245791FB3B8}.Release|Any CPU.ActiveCfg = Release|Any CPU
		{0EBF6B0D-016E-426B-8CBE-E245791FB3B8}.Release|Any CPU.Build.0 = Release|Any CPU
		{A2D212FF-4166-4DF1-885F-28E800801F66}.Debug|Any CPU.ActiveCfg = Debug|Any CPU
		{A2D212FF-4166-4DF1-885F-28E800801F66}.Debug|Any CPU.Build.0 = Debug|Any CPU
		{A2D212FF-4166-4DF1-885F-28E800801F66}.Release|Any CPU.ActiveCfg = Release|Any CPU
		{A2D212FF-4166-4DF1-885F-28E800801F66}.Release|Any CPU.Build.0 = Release|Any CPU
		{C3247722-8191-4451-8E49-02122412DB9D}.Debug|Any CPU.ActiveCfg = Debug|Any CPU
		{C3247722-8191-4451-8E49-02122412DB9D}.Debug|Any CPU.Build.0 = Debug|Any CPU
		{C3247722-8191-4451-8E49-02122412DB9D}.Release|Any CPU.ActiveCfg = Release|Any CPU
		{C3247722-8191-4451-8E49-02122412DB9D}.Release|Any CPU.Build.0 = Release|Any CPU
		{7FBF59BB-08CD-4227-A163-60066D988CC8}.Debug|Any CPU.ActiveCfg = Debug|Any CPU
		{7FBF59BB-08CD-4227-A163-60066D988CC8}.Debug|Any CPU.Build.0 = Debug|Any CPU
		{7FBF59BB-08CD-4227-A163-60066D988CC8}.Release|Any CPU.ActiveCfg = Release|Any CPU
		{7FBF59BB-08CD-4227-A163-60066D988CC8}.Release|Any CPU.Build.0 = Release|Any CPU
		{2B14F38E-8961-4001-8572-096434D38404}.Debug|Any CPU.ActiveCfg = Debug|Any CPU
		{2B14F38E-8961-4001-8572-096434D38404}.Debug|Any CPU.Build.0 = Debug|Any CPU
		{2B14F38E-8961-4001-8572-096434D38404}.Release|Any CPU.ActiveCfg = Release|Any CPU
		{2B14F38E-8961-4001-8572-096434D38404}.Release|Any CPU.Build.0 = Release|Any CPU
		{23E1F568-AE76-4A8B-8977-7F3ED9FEE222}.Debug|Any CPU.ActiveCfg = Debug|Any CPU
		{23E1F568-AE76-4A8B-8977-7F3ED9FEE222}.Debug|Any CPU.Build.0 = Debug|Any CPU
		{23E1F568-AE76-4A8B-8977-7F3ED9FEE222}.Release|Any CPU.ActiveCfg = Release|Any CPU
		{23E1F568-AE76-4A8B-8977-7F3ED9FEE222}.Release|Any CPU.Build.0 = Release|Any CPU
		{0C803421-02A9-4E7A-AE87-46D5A46BAF91}.Debug|Any CPU.ActiveCfg = Debug|Any CPU
		{0C803421-02A9-4E7A-AE87-46D5A46BAF91}.Debug|Any CPU.Build.0 = Debug|Any CPU
		{0C803421-02A9-4E7A-AE87-46D5A46BAF91}.Release|Any CPU.ActiveCfg = Release|Any CPU
		{0C803421-02A9-4E7A-AE87-46D5A46BAF91}.Release|Any CPU.Build.0 = Release|Any CPU
		{6A15833F-886D-4AF0-9EBE-B615734347D2}.Debug|Any CPU.ActiveCfg = Debug|Any CPU
		{6A15833F-886D-4AF0-9EBE-B615734347D2}.Debug|Any CPU.Build.0 = Debug|Any CPU
		{6A15833F-886D-4AF0-9EBE-B615734347D2}.Release|Any CPU.ActiveCfg = Release|Any CPU
		{6A15833F-886D-4AF0-9EBE-B615734347D2}.Release|Any CPU.Build.0 = Release|Any CPU
		{C60B75C9-EAE0-4EA1-B436-58E59F99B3C3}.Debug|Any CPU.ActiveCfg = Debug|Any CPU
		{C60B75C9-EAE0-4EA1-B436-58E59F99B3C3}.Debug|Any CPU.Build.0 = Debug|Any CPU
		{C60B75C9-EAE0-4EA1-B436-58E59F99B3C3}.Release|Any CPU.ActiveCfg = Release|Any CPU
		{C60B75C9-EAE0-4EA1-B436-58E59F99B3C3}.Release|Any CPU.Build.0 = Release|Any CPU
	EndGlobalSection
	GlobalSection(NestedProjects) = preSolution
		{233429C3-B14A-4C2A-B3EF-E65C8EEB8D95} = {0AF46503-DB3B-4090-9D0D-4CA13E9ECD37}
		{C0671DCD-48FF-4BBB-BC9F-8C28FCD45F1B} = {233429C3-B14A-4C2A-B3EF-E65C8EEB8D95}
		{E42834AC-3E49-4525-9850-8995C362CF17} = {B3843FFC-209B-45CE-B3FF-F9403E746B33}
		{D2B1463E-8F26-4933-A68C-ACFFC51C00BB} = {E42834AC-3E49-4525-9850-8995C362CF17}
		{A5C25CE1-C7A5-40F5-897B-80BADE736D06} = {233429C3-B14A-4C2A-B3EF-E65C8EEB8D95}
		{236BC724-FE32-48B9-80D5-09C0986BFFE5} = {E42834AC-3E49-4525-9850-8995C362CF17}
		{E288D941-AEDF-4339-A37E-D16CCEE5387C} = {233429C3-B14A-4C2A-B3EF-E65C8EEB8D95}
		{3D6092B7-E0FD-45CB-86F2-E037FFEA8C67} = {E42834AC-3E49-4525-9850-8995C362CF17}
		{60D4CB56-6849-41EA-83D9-7C41EDE8F719} = {B3843FFC-209B-45CE-B3FF-F9403E746B33}
		{0E97D33E-CCCE-4146-A813-1CD4713C8D02} = {60D4CB56-6849-41EA-83D9-7C41EDE8F719}
		{795B2A7D-06D0-414F-869E-7C6E465D462D} = {0AF46503-DB3B-4090-9D0D-4CA13E9ECD37}
		{723FB7AD-6AEB-430F-A647-EB0E151D3D74} = {795B2A7D-06D0-414F-869E-7C6E465D462D}
		{D95532C9-9080-4E08-A5CE-1C8D2DCD95B0} = {233429C3-B14A-4C2A-B3EF-E65C8EEB8D95}
		{4A7DCD5E-E225-4D20-96AB-443EB22D8CBC} = {E42834AC-3E49-4525-9850-8995C362CF17}
		{5CB8A87F-73CC-4017-9FD7-8714C7CADDF9} = {233429C3-B14A-4C2A-B3EF-E65C8EEB8D95}
		{5DA8F7B8-6601-4D96-B1DA-E00A60C4E377} = {E42834AC-3E49-4525-9850-8995C362CF17}
		{F662CB46-8DE7-4FA4-922E-9648215A1367} = {233429C3-B14A-4C2A-B3EF-E65C8EEB8D95}
		{E9108893-25A7-4AA8-81C2-264F93E180DD} = {E42834AC-3E49-4525-9850-8995C362CF17}
		{6030174F-703C-420B-AABA-EF23E1B5B264} = {233429C3-B14A-4C2A-B3EF-E65C8EEB8D95}
		{DC396EC8-A70B-4B98-99DA-03339B5B2A4E} = {E42834AC-3E49-4525-9850-8995C362CF17}
		{A89C236C-7A3B-4E58-B811-3F0B38FA96FD} = {233429C3-B14A-4C2A-B3EF-E65C8EEB8D95}
		{C500C017-3BDA-4F5A-8237-268B03D4C552} = {E42834AC-3E49-4525-9850-8995C362CF17}
		{9BE930DC-E61D-45CF-8506-BC9D59E5793E} = {0AF46503-DB3B-4090-9D0D-4CA13E9ECD37}
		{DCE93E2A-C3DB-42F6-BE0F-24BA3F6C648D} = {9BE930DC-E61D-45CF-8506-BC9D59E5793E}
		{ECF17E11-E794-4989-8D15-287A66680D30} = {DCE93E2A-C3DB-42F6-BE0F-24BA3F6C648D}
		{2EC8DDB2-C7F0-4262-BC6D-5038A13C2340} = {DCE93E2A-C3DB-42F6-BE0F-24BA3F6C648D}
		{184C348B-D0B9-4033-8ACA-113E515379AB} = {DCE93E2A-C3DB-42F6-BE0F-24BA3F6C648D}
		{EA576EA8-C92A-4F56-9B97-3A84A0F613FF} = {DCE93E2A-C3DB-42F6-BE0F-24BA3F6C648D}
		{D1EC4E10-EA19-419A-BB21-93B3C1269565} = {E42834AC-3E49-4525-9850-8995C362CF17}
		{2EFDDE05-5390-4BB4-9B47-FDA22F889FD6} = {B3843FFC-209B-45CE-B3FF-F9403E746B33}
		{282C9A5B-229C-424E-8EC2-4252121F7CCC} = {2EFDDE05-5390-4BB4-9B47-FDA22F889FD6}
		{E4A7CF5F-FE4E-4EBC-9D2C-DF92E49408A7} = {233429C3-B14A-4C2A-B3EF-E65C8EEB8D95}
		{C9191879-CCF1-46BA-B44A-441ED1F953C4} = {E42834AC-3E49-4525-9850-8995C362CF17}
		{3BCA00E9-69E5-4080-AAF4-04E50E65677E} = {233429C3-B14A-4C2A-B3EF-E65C8EEB8D95}
		{DB048F8F-E8F1-47A4-8C44-E6F4C04DDA75} = {E42834AC-3E49-4525-9850-8995C362CF17}
		{BB6356B2-9BA6-4E31-808F-9844897015ED} = {DCE93E2A-C3DB-42F6-BE0F-24BA3F6C648D}
		{96028F74-53A8-48E3-BAA9-DF5499F36B2F} = {9BE930DC-E61D-45CF-8506-BC9D59E5793E}
		{CA33215E-2E54-4983-8E62-188A32340DA6} = {96028F74-53A8-48E3-BAA9-DF5499F36B2F}
		{D0DFBC9A-1808-4F92-8A20-5C1BD931F4AB} = {96028F74-53A8-48E3-BAA9-DF5499F36B2F}
		{0D6B1776-FCEB-4F7F-9503-4CAE3F2D2570} = {96028F74-53A8-48E3-BAA9-DF5499F36B2F}
		{54A4B1E1-65DE-4CBE-B624-B0AAF58729B9} = {96028F74-53A8-48E3-BAA9-DF5499F36B2F}
		{44AE6A51-0491-4319-9566-25E654C04C82} = {E42834AC-3E49-4525-9850-8995C362CF17}
		{5DC485E5-1346-49F8-8674-71D7C8836C59} = {2EFDDE05-5390-4BB4-9B47-FDA22F889FD6}
		{F9AD1459-1AAB-40F3-88BC-88A24955B2DE} = {9BE930DC-E61D-45CF-8506-BC9D59E5793E}
		{EDB3C136-D2CA-42CA-8BBA-CD792414FE56} = {F9AD1459-1AAB-40F3-88BC-88A24955B2DE}
		{FED153EC-5E83-4206-8CFC-A6B0FA6D6EAC} = {F9AD1459-1AAB-40F3-88BC-88A24955B2DE}
		{C9BFC224-DC04-4141-9D25-56D0E303A44C} = {F9AD1459-1AAB-40F3-88BC-88A24955B2DE}
		{53CB2275-E8D9-4687-8B99-D275D3D4103B} = {F9AD1459-1AAB-40F3-88BC-88A24955B2DE}
		{0E2C0460-0040-4FAC-AB3F-25487309A904} = {E42834AC-3E49-4525-9850-8995C362CF17}
		{C009B478-EADC-494A-9281-EB7FE4D834E2} = {2EFDDE05-5390-4BB4-9B47-FDA22F889FD6}
		{BB162B6D-2DD1-44B6-B17F-8E1873BA138D} = {2DC1933D-8102-4980-9A1B-0F4E9FC9E12D}
		{89F2390C-CE1C-42F6-9C51-E8843BCB32CD} = {072F3E69-575E-4BF5-A712-06A4F62E9375}
		{71367564-CE63-42F1-BAD3-C6437F7B8C8A} = {072F3E69-575E-4BF5-A712-06A4F62E9375}
		{84ED80E5-EB63-4DC2-AB43-CBA4908F6A05} = {072F3E69-575E-4BF5-A712-06A4F62E9375}
		{A100B55E-A321-4FF9-8C11-3DA1E988EA6E} = {072F3E69-575E-4BF5-A712-06A4F62E9375}
		{66CB4CB8-27D0-44D6-9D9E-2C06BC3C0F3A} = {5DFFE7F2-A636-4084-AEB4-C44D2EDE69EF}
		{FD4EFDE3-653C-4227-B82A-685E2DE5338A} = {37A082A0-988E-4632-BD0C-F3FB44234E3C}
		{329D03AD-9CCD-486C-AB68-21DDDFE3F4EF} = {77FA8D77-91A4-44C5-B2DA-E95D5D546483}
		{C18BA449-D144-4677-8A20-9C895BCF6066} = {77FA8D77-91A4-44C5-B2DA-E95D5D546483}
		{C3EC2456-E062-4D67-9D90-D7275BDDEA95} = {77FA8D77-91A4-44C5-B2DA-E95D5D546483}
		{68E5C6FC-D63B-4B8E-A858-C351AE4239BA} = {77FA8D77-91A4-44C5-B2DA-E95D5D546483}
		{158B58BC-DE37-4779-BAB3-30A3AFFFC112} = {E42834AC-3E49-4525-9850-8995C362CF17}
		{0EBF6B0D-016E-426B-8CBE-E245791FB3B8} = {2EFDDE05-5390-4BB4-9B47-FDA22F889FD6}
		{A6A25841-FE2B-412D-B505-3DB4FA247980} = {9BE930DC-E61D-45CF-8506-BC9D59E5793E}
		{A2D212FF-4166-4DF1-885F-28E800801F66} = {A6A25841-FE2B-412D-B505-3DB4FA247980}
		{C3A6A757-F9E4-4D8E-8B1C-D9768C0A1C21} = {9BE930DC-E61D-45CF-8506-BC9D59E5793E}
		{C3247722-8191-4451-8E49-02122412DB9D} = {C3A6A757-F9E4-4D8E-8B1C-D9768C0A1C21}
		{7FBF59BB-08CD-4227-A163-60066D988CC8} = {C3A6A757-F9E4-4D8E-8B1C-D9768C0A1C21}
		{2B14F38E-8961-4001-8572-096434D38404} = {C3A6A757-F9E4-4D8E-8B1C-D9768C0A1C21}
		{23E1F568-AE76-4A8B-8977-7F3ED9FEE222} = {C3A6A757-F9E4-4D8E-8B1C-D9768C0A1C21}
		{0C803421-02A9-4E7A-AE87-46D5A46BAF91} = {E42834AC-3E49-4525-9850-8995C362CF17}
		{6A15833F-886D-4AF0-9EBE-B615734347D2} = {2EFDDE05-5390-4BB4-9B47-FDA22F889FD6}
		{C60B75C9-EAE0-4EA1-B436-58E59F99B3C3} = {77FA8D77-91A4-44C5-B2DA-E95D5D546483}
	EndGlobalSection
EndGlobal
