
Microsoft Visual Studio Solution File, Format Version 12.00
# Visual Studio Version 17
VisualStudioVersion = 17.0.31903.59
MinimumVisualStudioVersion = 10.0.40219.1
Project("{2150E333-8FDC-42A3-9474-1A3956D46DE8}") = "src", "src", "{0AF46503-DB3B-4090-9D0D-4CA13E9ECD37}"
EndProject
Project("{2150E333-8FDC-42A3-9474-1A3956D46DE8}") = "Platform", "Platform", "{233429C3-B14A-4C2A-B3EF-E65C8EEB8D95}"
EndProject
Project("{FAE04EC0-301F-11D3-BF4B-00C04F79EFBC}") = "Platform.Core", "src\Platform\Platform.Core\Platform.Core.csproj", "{C0671DCD-48FF-4BBB-BC9F-8C28FCD45F1B}"
EndProject
Project("{2150E333-8FDC-42A3-9474-1A3956D46DE8}") = "tests", "tests", "{B3843FFC-209B-45CE-B3FF-F9403E746B33}"
EndProject
Project("{2150E333-8FDC-42A3-9474-1A3956D46DE8}") = "UnitTests", "UnitTests", "{E42834AC-3E49-4525-9850-8995C362CF17}"
EndProject
Project("{FAE04EC0-301F-11D3-BF4B-00C04F79EFBC}") = "Platform.Core.Tests", "tests\UnitTests\Platform.Core.Tests\Platform.Core.Tests.csproj", "{D2B1463E-8F26-4933-A68C-ACFFC51C00BB}"
EndProject
Project("{FAE04EC0-301F-11D3-BF4B-00C04F79EFBC}") = "Platform.Security", "src\Platform\Platform.Security\Platform.Security.csproj", "{A5C25CE1-C7A5-40F5-897B-80BADE736D06}"
EndProject
Project("{FAE04EC0-301F-11D3-BF4B-00C04F79EFBC}") = "Platform.Security.Tests", "tests\UnitTests\Platform.Security.Tests\Platform.Security.Tests.csproj", "{236BC724-FE32-48B9-80D5-09C0986BFFE5}"
EndProject
Project("{FAE04EC0-301F-11D3-BF4B-00C04F79EFBC}") = "Platform.Localization", "src\Platform\Platform.Localization\Platform.Localization.csproj", "{E288D941-AEDF-4339-A37E-D16CCEE5387C}"
EndProject
Project("{FAE04EC0-301F-11D3-BF4B-00C04F79EFBC}") = "Platform.Localization.Tests", "tests\UnitTests\Platform.Localization.Tests\Platform.Localization.Tests.csproj", "{3D6092B7-E0FD-45CB-86F2-E037FFEA8C67}"
EndProject
Project("{2150E333-8FDC-42A3-9474-1A3956D46DE8}") = "ArchitectureTests", "ArchitectureTests", "{60D4CB56-6849-41EA-83D9-7C41EDE8F719}"
EndProject
Project("{FAE04EC0-301F-11D3-BF4B-00C04F79EFBC}") = "Platform.ArchitectureTests", "tests\ArchitectureTests\Platform.ArchitectureTests\Platform.ArchitectureTests.csproj", "{0E97D33E-CCCE-4146-A813-1CD4713C8D02}"
EndProject
Project("{2150E333-8FDC-42A3-9474-1A3956D46DE8}") = "Gateway", "Gateway", "{795B2A7D-06D0-414F-869E-7C6E465D462D}"
EndProject
Project("{FAE04EC0-301F-11D3-BF4B-00C04F79EFBC}") = "Gateway.Api", "src\Gateway\Gateway.Api\Gateway.Api.csproj", "{723FB7AD-6AEB-430F-A647-EB0E151D3D74}"
EndProject
Project("{FAE04EC0-301F-11D3-BF4B-00C04F79EFBC}") = "Platform.Workflow", "src\Platform\Platform.Workflow\Platform.Workflow.csproj", "{D95532C9-9080-4E08-A5CE-1C8D2DCD95B0}"
EndProject
Project("{FAE04EC0-301F-11D3-BF4B-00C04F79EFBC}") = "Platform.Workflow.Tests", "tests\UnitTests\Platform.Workflow.Tests\Platform.Workflow.Tests.csproj", "{4A7DCD5E-E225-4D20-96AB-443EB22D8CBC}"
EndProject
Project("{FAE04EC0-301F-11D3-BF4B-00C04F79EFBC}") = "Platform.Events", "src\Platform\Platform.Events\Platform.Events.csproj", "{5CB8A87F-73CC-4017-9FD7-8714C7CADDF9}"
EndProject
Project("{FAE04EC0-301F-11D3-BF4B-00C04F79EFBC}") = "Platform.Events.Tests", "tests\UnitTests\Platform.Events.Tests\Platform.Events.Tests.csproj", "{5DA8F7B8-6601-4D96-B1DA-E00A60C4E377}"
EndProject
Project("{FAE04EC0-301F-11D3-BF4B-00C04F79EFBC}") = "Platform.Audit", "src\Platform\Platform.Audit\Platform.Audit.csproj", "{F662CB46-8DE7-4FA4-922E-9648215A1367}"
EndProject
Project("{FAE04EC0-301F-11D3-BF4B-00C04F79EFBC}") = "Platform.Audit.Tests", "tests\UnitTests\Platform.Audit.Tests\Platform.Audit.Tests.csproj", "{E9108893-25A7-4AA8-81C2-264F93E180DD}"
EndProject
Project("{FAE04EC0-301F-11D3-BF4B-00C04F79EFBC}") = "Platform.Api", "src\Platform\Platform.Api\Platform.Api.csproj", "{6030174F-703C-420B-AABA-EF23E1B5B264}"
EndProject
Project("{FAE04EC0-301F-11D3-BF4B-00C04F79EFBC}") = "Platform.Api.Tests", "tests\UnitTests\Platform.Api.Tests\Platform.Api.Tests.csproj", "{DC396EC8-A70B-4B98-99DA-03339B5B2A4E}"
EndProject
Project("{FAE04EC0-301F-11D3-BF4B-00C04F79EFBC}") = "Platform.Configuration", "src\Platform\Platform.Configuration\Platform.Configuration.csproj", "{A89C236C-7A3B-4E58-B811-3F0B38FA96FD}"
EndProject
Project("{FAE04EC0-301F-11D3-BF4B-00C04F79EFBC}") = "Platform.Configuration.Tests", "tests\UnitTests\Platform.Configuration.Tests\Platform.Configuration.Tests.csproj", "{C500C017-3BDA-4F5A-8237-268B03D4C552}"
EndProject
Project("{2150E333-8FDC-42A3-9474-1A3956D46DE8}") = "Modules", "Modules", "{9BE930DC-E61D-45CF-8506-BC9D59E5793E}"
EndProject
Project("{2150E333-8FDC-42A3-9474-1A3956D46DE8}") = "Modules.MasterData", "Modules.MasterData", "{DCE93E2A-C3DB-42F6-BE0F-24BA3F6C648D}"
EndProject
Project("{FAE04EC0-301F-11D3-BF4B-00C04F79EFBC}") = "Modules.MasterData.Domain", "src\Modules\Modules.MasterData\Domain\Modules.MasterData.Domain.csproj", "{ECF17E11-E794-4989-8D15-287A66680D30}"
EndProject
Project("{FAE04EC0-301F-11D3-BF4B-00C04F79EFBC}") = "Modules.MasterData.Application", "src\Modules\Modules.MasterData\Application\Modules.MasterData.Application.csproj", "{2EC8DDB2-C7F0-4262-BC6D-5038A13C2340}"
EndProject
Project("{FAE04EC0-301F-11D3-BF4B-00C04F79EFBC}") = "Modules.MasterData.Infrastructure", "src\Modules\Modules.MasterData\Infrastructure\Modules.MasterData.Infrastructure.csproj", "{184C348B-D0B9-4033-8ACA-113E515379AB}"
EndProject
Project("{FAE04EC0-301F-11D3-BF4B-00C04F79EFBC}") = "Modules.MasterData.Api", "src\Modules\Modules.MasterData\Api\Modules.MasterData.Api.csproj", "{EA576EA8-C92A-4F56-9B97-3A84A0F613FF}"
EndProject
Project("{FAE04EC0-301F-11D3-BF4B-00C04F79EFBC}") = "Modules.MasterData.Tests", "tests\UnitTests\Modules.MasterData.Tests\Modules.MasterData.Tests.csproj", "{D1EC4E10-EA19-419A-BB21-93B3C1269565}"
EndProject
Project("{2150E333-8FDC-42A3-9474-1A3956D46DE8}") = "IntegrationTests", "IntegrationTests", "{2EFDDE05-5390-4BB4-9B47-FDA22F889FD6}"
EndProject
Project("{FAE04EC0-301F-11D3-BF4B-00C04F79EFBC}") = "Modules.MasterData.IntegrationTests", "tests\IntegrationTests\Modules.MasterData.IntegrationTests\Modules.MasterData.IntegrationTests.csproj", "{282C9A5B-229C-424E-8EC2-4252121F7CCC}"
EndProject
Project("{FAE04EC0-301F-11D3-BF4B-00C04F79EFBC}") = "Platform.Attachments", "src\Platform\Platform.Attachments\Platform.Attachments.csproj", "{E4A7CF5F-FE4E-4EBC-9D2C-DF92E49408A7}"
EndProject
Project("{FAE04EC0-301F-11D3-BF4B-00C04F79EFBC}") = "Platform.Attachments.Tests", "tests\UnitTests\Platform.Attachments.Tests\Platform.Attachments.Tests.csproj", "{C9191879-CCF1-46BA-B44A-441ED1F953C4}"
EndProject
Project("{FAE04EC0-301F-11D3-BF4B-00C04F79EFBC}") = "Platform.Notes", "src\Platform\Platform.Notes\Platform.Notes.csproj", "{3BCA00E9-69E5-4080-AAF4-04E50E65677E}"
EndProject
Project("{FAE04EC0-301F-11D3-BF4B-00C04F79EFBC}") = "Platform.Notes.Tests", "tests\UnitTests\Platform.Notes.Tests\Platform.Notes.Tests.csproj", "{DB048F8F-E8F1-47A4-8C44-E6F4C04DDA75}"
EndProject
Global
	GlobalSection(SolutionConfigurationPlatforms) = preSolution
		Debug|Any CPU = Debug|Any CPU
		Release|Any CPU = Release|Any CPU
	EndGlobalSection
	GlobalSection(SolutionProperties) = preSolution
		HideSolutionNode = FALSE
	EndGlobalSection
	GlobalSection(ProjectConfigurationPlatforms) = postSolution
		{C0671DCD-48FF-4BBB-BC9F-8C28FCD45F1B}.Debug|Any CPU.ActiveCfg = Debug|Any CPU
		{C0671DCD-48FF-4BBB-BC9F-8C28FCD45F1B}.Debug|Any CPU.Build.0 = Debug|Any CPU
		{C0671DCD-48FF-4BBB-BC9F-8C28FCD45F1B}.Release|Any CPU.ActiveCfg = Release|Any CPU
		{C0671DCD-48FF-4BBB-BC9F-8C28FCD45F1B}.Release|Any CPU.Build.0 = Release|Any CPU
		{D2B1463E-8F26-4933-A68C-ACFFC51C00BB}.Debug|Any CPU.ActiveCfg = Debug|Any CPU
		{D2B1463E-8F26-4933-A68C-ACFFC51C00BB}.Debug|Any CPU.Build.0 = Debug|Any CPU
		{D2B1463E-8F26-4933-A68C-ACFFC51C00BB}.Release|Any CPU.ActiveCfg = Release|Any CPU
		{D2B1463E-8F26-4933-A68C-ACFFC51C00BB}.Release|Any CPU.Build.0 = Release|Any CPU
		{A5C25CE1-C7A5-40F5-897B-80BADE736D06}.Debug|Any CPU.ActiveCfg = Debug|Any CPU
		{A5C25CE1-C7A5-40F5-897B-80BADE736D06}.Debug|Any CPU.Build.0 = Debug|Any CPU
		{A5C25CE1-C7A5-40F5-897B-80BADE736D06}.Release|Any CPU.ActiveCfg = Release|Any CPU
		{A5C25CE1-C7A5-40F5-897B-80BADE736D06}.Release|Any CPU.Build.0 = Release|Any CPU
		{236BC724-FE32-48B9-80D5-09C0986BFFE5}.Debug|Any CPU.ActiveCfg = Debug|Any CPU
		{236BC724-FE32-48B9-80D5-09C0986BFFE5}.Debug|Any CPU.Build.0 = Debug|Any CPU
		{236BC724-FE32-48B9-80D5-09C0986BFFE5}.Release|Any CPU.ActiveCfg = Release|Any CPU
		{236BC724-FE32-48B9-80D5-09C0986BFFE5}.Release|Any CPU.Build.0 = Release|Any CPU
		{E288D941-AEDF-4339-A37E-D16CCEE5387C}.Debug|Any CPU.ActiveCfg = Debug|Any CPU
		{E288D941-AEDF-4339-A37E-D16CCEE5387C}.Debug|Any CPU.Build.0 = Debug|Any CPU
		{E288D941-AEDF-4339-A37E-D16CCEE5387C}.Release|Any CPU.ActiveCfg = Release|Any CPU
		{E288D941-AEDF-4339-A37E-D16CCEE5387C}.Release|Any CPU.Build.0 = Release|Any CPU
		{3D6092B7-E0FD-45CB-86F2-E037FFEA8C67}.Debug|Any CPU.ActiveCfg = Debug|Any CPU
		{3D6092B7-E0FD-45CB-86F2-E037FFEA8C67}.Debug|Any CPU.Build.0 = Debug|Any CPU
		{3D6092B7-E0FD-45CB-86F2-E037FFEA8C67}.Release|Any CPU.ActiveCfg = Release|Any CPU
		{3D6092B7-E0FD-45CB-86F2-E037FFEA8C67}.Release|Any CPU.Build.0 = Release|Any CPU
		{0E97D33E-CCCE-4146-A813-1CD4713C8D02}.Debug|Any CPU.ActiveCfg = Debug|Any CPU
		{0E97D33E-CCCE-4146-A813-1CD4713C8D02}.Debug|Any CPU.Build.0 = Debug|Any CPU
		{0E97D33E-CCCE-4146-A813-1CD4713C8D02}.Release|Any CPU.ActiveCfg = Release|Any CPU
		{0E97D33E-CCCE-4146-A813-1CD4713C8D02}.Release|Any CPU.Build.0 = Release|Any CPU
		{723FB7AD-6AEB-430F-A647-EB0E151D3D74}.Debug|Any CPU.ActiveCfg = Debug|Any CPU
		{723FB7AD-6AEB-430F-A647-EB0E151D3D74}.Debug|Any CPU.Build.0 = Debug|Any CPU
		{723FB7AD-6AEB-430F-A647-EB0E151D3D74}.Release|Any CPU.ActiveCfg = Release|Any CPU
		{723FB7AD-6AEB-430F-A647-EB0E151D3D74}.Release|Any CPU.Build.0 = Release|Any CPU
		{D95532C9-9080-4E08-A5CE-1C8D2DCD95B0}.Debug|Any CPU.ActiveCfg = Debug|Any CPU
		{D95532C9-9080-4E08-A5CE-1C8D2DCD95B0}.Debug|Any CPU.Build.0 = Debug|Any CPU
		{D95532C9-9080-4E08-A5CE-1C8D2DCD95B0}.Release|Any CPU.ActiveCfg = Release|Any CPU
		{D95532C9-9080-4E08-A5CE-1C8D2DCD95B0}.Release|Any CPU.Build.0 = Release|Any CPU
		{4A7DCD5E-E225-4D20-96AB-443EB22D8CBC}.Debug|Any CPU.ActiveCfg = Debug|Any CPU
		{4A7DCD5E-E225-4D20-96AB-443EB22D8CBC}.Debug|Any CPU.Build.0 = Debug|Any CPU
		{4A7DCD5E-E225-4D20-96AB-443EB22D8CBC}.Release|Any CPU.ActiveCfg = Release|Any CPU
		{4A7DCD5E-E225-4D20-96AB-443EB22D8CBC}.Release|Any CPU.Build.0 = Release|Any CPU
		{5CB8A87F-73CC-4017-9FD7-8714C7CADDF9}.Debug|Any CPU.ActiveCfg = Debug|Any CPU
		{5CB8A87F-73CC-4017-9FD7-8714C7CADDF9}.Debug|Any CPU.Build.0 = Debug|Any CPU
		{5CB8A87F-73CC-4017-9FD7-8714C7CADDF9}.Release|Any CPU.ActiveCfg = Release|Any CPU
		{5CB8A87F-73CC-4017-9FD7-8714C7CADDF9}.Release|Any CPU.Build.0 = Release|Any CPU
		{5DA8F7B8-6601-4D96-B1DA-E00A60C4E377}.Debug|Any CPU.ActiveCfg = Debug|Any CPU
		{5DA8F7B8-6601-4D96-B1DA-E00A60C4E377}.Debug|Any CPU.Build.0 = Debug|Any CPU
		{5DA8F7B8-6601-4D96-B1DA-E00A60C4E377}.Release|Any CPU.ActiveCfg = Release|Any CPU
		{5DA8F7B8-6601-4D96-B1DA-E00A60C4E377}.Release|Any CPU.Build.0 = Release|Any CPU
		{F662CB46-8DE7-4FA4-922E-9648215A1367}.Debug|Any CPU.ActiveCfg = Debug|Any CPU
		{F662CB46-8DE7-4FA4-922E-9648215A1367}.Debug|Any CPU.Build.0 = Debug|Any CPU
		{F662CB46-8DE7-4FA4-922E-9648215A1367}.Release|Any CPU.ActiveCfg = Release|Any CPU
		{F662CB46-8DE7-4FA4-922E-9648215A1367}.Release|Any CPU.Build.0 = Release|Any CPU
		{E9108893-25A7-4AA8-81C2-264F93E180DD}.Debug|Any CPU.ActiveCfg = Debug|Any CPU
		{E9108893-25A7-4AA8-81C2-264F93E180DD}.Debug|Any CPU.Build.0 = Debug|Any CPU
		{E9108893-25A7-4AA8-81C2-264F93E180DD}.Release|Any CPU.ActiveCfg = Release|Any CPU
		{E9108893-25A7-4AA8-81C2-264F93E180DD}.Release|Any CPU.Build.0 = Release|Any CPU
		{6030174F-703C-420B-AABA-EF23E1B5B264}.Debug|Any CPU.ActiveCfg = Debug|Any CPU
		{6030174F-703C-420B-AABA-EF23E1B5B264}.Debug|Any CPU.Build.0 = Debug|Any CPU
		{6030174F-703C-420B-AABA-EF23E1B5B264}.Release|Any CPU.ActiveCfg = Release|Any CPU
		{6030174F-703C-420B-AABA-EF23E1B5B264}.Release|Any CPU.Build.0 = Release|Any CPU
		{DC396EC8-A70B-4B98-99DA-03339B5B2A4E}.Debug|Any CPU.ActiveCfg = Debug|Any CPU
		{DC396EC8-A70B-4B98-99DA-03339B5B2A4E}.Debug|Any CPU.Build.0 = Debug|Any CPU
		{DC396EC8-A70B-4B98-99DA-03339B5B2A4E}.Release|Any CPU.ActiveCfg = Release|Any CPU
		{DC396EC8-A70B-4B98-99DA-03339B5B2A4E}.Release|Any CPU.Build.0 = Release|Any CPU
		{A89C236C-7A3B-4E58-B811-3F0B38FA96FD}.Debug|Any CPU.ActiveCfg = Debug|Any CPU
		{A89C236C-7A3B-4E58-B811-3F0B38FA96FD}.Debug|Any CPU.Build.0 = Debug|Any CPU
		{A89C236C-7A3B-4E58-B811-3F0B38FA96FD}.Release|Any CPU.ActiveCfg = Release|Any CPU
		{A89C236C-7A3B-4E58-B811-3F0B38FA96FD}.Release|Any CPU.Build.0 = Release|Any CPU
		{C500C017-3BDA-4F5A-8237-268B03D4C552}.Debug|Any CPU.ActiveCfg = Debug|Any CPU
		{C500C017-3BDA-4F5A-8237-268B03D4C552}.Debug|Any CPU.Build.0 = Debug|Any CPU
		{C500C017-3BDA-4F5A-8237-268B03D4C552}.Release|Any CPU.ActiveCfg = Release|Any CPU
		{C500C017-3BDA-4F5A-8237-268B03D4C552}.Release|Any CPU.Build.0 = Release|Any CPU
		{ECF17E11-E794-4989-8D15-287A66680D30}.Debug|Any CPU.ActiveCfg = Debug|Any CPU
		{ECF17E11-E794-4989-8D15-287A66680D30}.Debug|Any CPU.Build.0 = Debug|Any CPU
		{ECF17E11-E794-4989-8D15-287A66680D30}.Release|Any CPU.ActiveCfg = Release|Any CPU
		{ECF17E11-E794-4989-8D15-287A66680D30}.Release|Any CPU.Build.0 = Release|Any CPU
		{2EC8DDB2-C7F0-4262-BC6D-5038A13C2340}.Debug|Any CPU.ActiveCfg = Debug|Any CPU
		{2EC8DDB2-C7F0-4262-BC6D-5038A13C2340}.Debug|Any CPU.Build.0 = Debug|Any CPU
		{2EC8DDB2-C7F0-4262-BC6D-5038A13C2340}.Release|Any CPU.ActiveCfg = Release|Any CPU
		{2EC8DDB2-C7F0-4262-BC6D-5038A13C2340}.Release|Any CPU.Build.0 = Release|Any CPU
		{184C348B-D0B9-4033-8ACA-113E515379AB}.Debug|Any CPU.ActiveCfg = Debug|Any CPU
		{184C348B-D0B9-4033-8ACA-113E515379AB}.Debug|Any CPU.Build.0 = Debug|Any CPU
		{184C348B-D0B9-4033-8ACA-113E515379AB}.Release|Any CPU.ActiveCfg = Release|Any CPU
		{184C348B-D0B9-4033-8ACA-113E515379AB}.Release|Any CPU.Build.0 = Release|Any CPU
		{EA576EA8-C92A-4F56-9B97-3A84A0F613FF}.Debug|Any CPU.ActiveCfg = Debug|Any CPU
		{EA576EA8-C92A-4F56-9B97-3A84A0F613FF}.Debug|Any CPU.Build.0 = Debug|Any CPU
		{EA576EA8-C92A-4F56-9B97-3A84A0F613FF}.Release|Any CPU.ActiveCfg = Release|Any CPU
		{EA576EA8-C92A-4F56-9B97-3A84A0F613FF}.Release|Any CPU.Build.0 = Release|Any CPU
		{D1EC4E10-EA19-419A-BB21-93B3C1269565}.Debug|Any CPU.ActiveCfg = Debug|Any CPU
		{D1EC4E10-EA19-419A-BB21-93B3C1269565}.Debug|Any CPU.Build.0 = Debug|Any CPU
		{D1EC4E10-EA19-419A-BB21-93B3C1269565}.Release|Any CPU.ActiveCfg = Release|Any CPU
		{D1EC4E10-EA19-419A-BB21-93B3C1269565}.Release|Any CPU.Build.0 = Release|Any CPU
		{282C9A5B-229C-424E-8EC2-4252121F7CCC}.Debug|Any CPU.ActiveCfg = Debug|Any CPU
		{282C9A5B-229C-424E-8EC2-4252121F7CCC}.Debug|Any CPU.Build.0 = Debug|Any CPU
		{282C9A5B-229C-424E-8EC2-4252121F7CCC}.Release|Any CPU.ActiveCfg = Release|Any CPU
		{282C9A5B-229C-424E-8EC2-4252121F7CCC}.Release|Any CPU.Build.0 = Release|Any CPU
		{E4A7CF5F-FE4E-4EBC-9D2C-DF92E49408A7}.Debug|Any CPU.ActiveCfg = Debug|Any CPU
		{E4A7CF5F-FE4E-4EBC-9D2C-DF92E49408A7}.Debug|Any CPU.Build.0 = Debug|Any CPU
		{E4A7CF5F-FE4E-4EBC-9D2C-DF92E49408A7}.Release|Any CPU.ActiveCfg = Release|Any CPU
		{E4A7CF5F-FE4E-4EBC-9D2C-DF92E49408A7}.Release|Any CPU.Build.0 = Release|Any CPU
		{C9191879-CCF1-46BA-B44A-441ED1F953C4}.Debug|Any CPU.ActiveCfg = Debug|Any CPU
		{C9191879-CCF1-46BA-B44A-441ED1F953C4}.Debug|Any CPU.Build.0 = Debug|Any CPU
		{C9191879-CCF1-46BA-B44A-441ED1F953C4}.Release|Any CPU.ActiveCfg = Release|Any CPU
		{C9191879-CCF1-46BA-B44A-441ED1F953C4}.Release|Any CPU.Build.0 = Release|Any CPU
		{3BCA00E9-69E5-4080-AAF4-04E50E65677E}.Debug|Any CPU.ActiveCfg = Debug|Any CPU
		{3BCA00E9-69E5-4080-AAF4-04E50E65677E}.Debug|Any CPU.Build.0 = Debug|Any CPU
		{3BCA00E9-69E5-4080-AAF4-04E50E65677E}.Release|Any CPU.ActiveCfg = Release|Any CPU
		{3BCA00E9-69E5-4080-AAF4-04E50E65677E}.Release|Any CPU.Build.0 = Release|Any CPU
		{DB048F8F-E8F1-47A4-8C44-E6F4C04DDA75}.Debug|Any CPU.ActiveCfg = Debug|Any CPU
		{DB048F8F-E8F1-47A4-8C44-E6F4C04DDA75}.Debug|Any CPU.Build.0 = Debug|Any CPU
		{DB048F8F-E8F1-47A4-8C44-E6F4C04DDA75}.Release|Any CPU.ActiveCfg = Release|Any CPU
		{DB048F8F-E8F1-47A4-8C44-E6F4C04DDA75}.Release|Any CPU.Build.0 = Release|Any CPU
	EndGlobalSection
	GlobalSection(NestedProjects) = preSolution
		{233429C3-B14A-4C2A-B3EF-E65C8EEB8D95} = {0AF46503-DB3B-4090-9D0D-4CA13E9ECD37}
		{C0671DCD-48FF-4BBB-BC9F-8C28FCD45F1B} = {233429C3-B14A-4C2A-B3EF-E65C8EEB8D95}
		{E42834AC-3E49-4525-9850-8995C362CF17} = {B3843FFC-209B-45CE-B3FF-F9403E746B33}
		{D2B1463E-8F26-4933-A68C-ACFFC51C00BB} = {E42834AC-3E49-4525-9850-8995C362CF17}
		{A5C25CE1-C7A5-40F5-897B-80BADE736D06} = {233429C3-B14A-4C2A-B3EF-E65C8EEB8D95}
		{236BC724-FE32-48B9-80D5-09C0986BFFE5} = {E42834AC-3E49-4525-9850-8995C362CF17}
		{E288D941-AEDF-4339-A37E-D16CCEE5387C} = {233429C3-B14A-4C2A-B3EF-E65C8EEB8D95}
		{3D6092B7-E0FD-45CB-86F2-E037FFEA8C67} = {E42834AC-3E49-4525-9850-8995C362CF17}
		{60D4CB56-6849-41EA-83D9-7C41EDE8F719} = {B3843FFC-209B-45CE-B3FF-F9403E746B33}
		{0E97D33E-CCCE-4146-A813-1CD4713C8D02} = {60D4CB56-6849-41EA-83D9-7C41EDE8F719}
		{795B2A7D-06D0-414F-869E-7C6E465D462D} = {0AF46503-DB3B-4090-9D0D-4CA13E9ECD37}
		{723FB7AD-6AEB-430F-A647-EB0E151D3D74} = {795B2A7D-06D0-414F-869E-7C6E465D462D}
		{D95532C9-9080-4E08-A5CE-1C8D2DCD95B0} = {233429C3-B14A-4C2A-B3EF-E65C8EEB8D95}
		{4A7DCD5E-E225-4D20-96AB-443EB22D8CBC} = {E42834AC-3E49-4525-9850-8995C362CF17}
		{5CB8A87F-73CC-4017-9FD7-8714C7CADDF9} = {233429C3-B14A-4C2A-B3EF-E65C8EEB8D95}
		{5DA8F7B8-6601-4D96-B1DA-E00A60C4E377} = {E42834AC-3E49-4525-9850-8995C362CF17}
		{F662CB46-8DE7-4FA4-922E-9648215A1367} = {233429C3-B14A-4C2A-B3EF-E65C8EEB8D95}
		{E9108893-25A7-4AA8-81C2-264F93E180DD} = {E42834AC-3E49-4525-9850-8995C362CF17}
		{6030174F-703C-420B-AABA-EF23E1B5B264} = {233429C3-B14A-4C2A-B3EF-E65C8EEB8D95}
		{DC396EC8-A70B-4B98-99DA-03339B5B2A4E} = {E42834AC-3E49-4525-9850-8995C362CF17}
		{A89C236C-7A3B-4E58-B811-3F0B38FA96FD} = {233429C3-B14A-4C2A-B3EF-E65C8EEB8D95}
		{C500C017-3BDA-4F5A-8237-268B03D4C552} = {E42834AC-3E49-4525-9850-8995C362CF17}
		{9BE930DC-E61D-45CF-8506-BC9D59E5793E} = {0AF46503-DB3B-4090-9D0D-4CA13E9ECD37}
		{DCE93E2A-C3DB-42F6-BE0F-24BA3F6C648D} = {9BE930DC-E61D-45CF-8506-BC9D59E5793E}
		{ECF17E11-E794-4989-8D15-287A66680D30} = {DCE93E2A-C3DB-42F6-BE0F-24BA3F6C648D}
		{2EC8DDB2-C7F0-4262-BC6D-5038A13C2340} = {DCE93E2A-C3DB-42F6-BE0F-24BA3F6C648D}
		{184C348B-D0B9-4033-8ACA-113E515379AB} = {DCE93E2A-C3DB-42F6-BE0F-24BA3F6C648D}
		{EA576EA8-C92A-4F56-9B97-3A84A0F613FF} = {DCE93E2A-C3DB-42F6-BE0F-24BA3F6C648D}
		{D1EC4E10-EA19-419A-BB21-93B3C1269565} = {E42834AC-3E49-4525-9850-8995C362CF17}
		{2EFDDE05-5390-4BB4-9B47-FDA22F889FD6} = {B3843FFC-209B-45CE-B3FF-F9403E746B33}
		{282C9A5B-229C-424E-8EC2-4252121F7CCC} = {2EFDDE05-5390-4BB4-9B47-FDA22F889FD6}
		{E4A7CF5F-FE4E-4EBC-9D2C-DF92E49408A7} = {233429C3-B14A-4C2A-B3EF-E65C8EEB8D95}
		{C9191879-CCF1-46BA-B44A-441ED1F953C4} = {E42834AC-3E49-4525-9850-8995C362CF17}
		{3BCA00E9-69E5-4080-AAF4-04E50E65677E} = {233429C3-B14A-4C2A-B3EF-E65C8EEB8D95}
		{DB048F8F-E8F1-47A4-8C44-E6F4C04DDA75} = {E42834AC-3E49-4525-9850-8995C362CF17}
	EndGlobalSection
EndGlobal
